// !$*UTF8*$!
{
	archiveVersion = 1;
	classes = {
	};
	objectVersion = 45;
	objects = {

/* Begin PBXBuildFile section */
		1D60589F0D05DD5A006BFB54 /* Foundation.framework in Frameworks */ = {isa = PBXBuildFile; fileRef = 1D30AB110D05D00D00671497 /* Foundation.framework */; };
		1DF5F4E00D08C38300B7A737 /* UIKit.framework in Frameworks */ = {isa = PBXBuildFile; fileRef = 1DF5F4DF0D08C38300B7A737 /* UIKit.framework */; };
		28FD15000DC6FC520079059D /* OpenGLES.framework in Frameworks */ = {isa = PBXBuildFile; fileRef = 28FD14FF0DC6FC520079059D /* OpenGLES.framework */; };
		28FD15080DC6FC5B0079059D /* QuartzCore.framework in Frameworks */ = {isa = PBXBuildFile; fileRef = 28FD15070DC6FC5B0079059D /* QuartzCore.framework */; };
		316CD41219413A3900272436 /* libSDL2.a in Frameworks */ = {isa = PBXBuildFile; fileRef = 316CD41119413A3900272436 /* libSDL2.a */; };
		316CD44E19413EEF00272436 /* lapi.c in Sources */ = {isa = PBXBuildFile; fileRef = 316CD41619413EEF00272436 /* lapi.c */; };
		316CD44F19413EEF00272436 /* lauxlib.c in Sources */ = {isa = PBXBuildFile; fileRef = 316CD41819413EEF00272436 /* lauxlib.c */; };
		316CD45019413EEF00272436 /* lbaselib.c in Sources */ = {isa = PBXBuildFile; fileRef = 316CD41A19413EEF00272436 /* lbaselib.c */; };
		316CD45119413EEF00272436 /* lbitlib.c in Sources */ = {isa = PBXBuildFile; fileRef = 316CD41B19413EEF00272436 /* lbitlib.c */; };
		316CD45219413EEF00272436 /* lcode.c in Sources */ = {isa = PBXBuildFile; fileRef = 316CD41C19413EEF00272436 /* lcode.c */; };
		316CD45319413EEF00272436 /* lcorolib.c in Sources */ = {isa = PBXBuildFile; fileRef = 316CD41E19413EEF00272436 /* lcorolib.c */; };
		316CD45419413EEF00272436 /* lctype.c in Sources */ = {isa = PBXBuildFile; fileRef = 316CD41F19413EEF00272436 /* lctype.c */; };
		316CD45519413EEF00272436 /* ldblib.c in Sources */ = {isa = PBXBuildFile; fileRef = 316CD42119413EEF00272436 /* ldblib.c */; };
		316CD45619413EEF00272436 /* ldebug.c in Sources */ = {isa = PBXBuildFile; fileRef = 316CD42219413EEF00272436 /* ldebug.c */; };
		316CD45719413EEF00272436 /* ldo.c in Sources */ = {isa = PBXBuildFile; fileRef = 316CD42419413EEF00272436 /* ldo.c */; };
		316CD45819413EEF00272436 /* ldump.c in Sources */ = {isa = PBXBuildFile; fileRef = 316CD42619413EEF00272436 /* ldump.c */; };
		316CD45919413EEF00272436 /* lfunc.c in Sources */ = {isa = PBXBuildFile; fileRef = 316CD42719413EEF00272436 /* lfunc.c */; };
		316CD45A19413EEF00272436 /* lgc.c in Sources */ = {isa = PBXBuildFile; fileRef = 316CD42919413EEF00272436 /* lgc.c */; };
		316CD45B19413EEF00272436 /* linit.c in Sources */ = {isa = PBXBuildFile; fileRef = 316CD42B19413EEF00272436 /* linit.c */; };
		316CD45C19413EEF00272436 /* liolib.c in Sources */ = {isa = PBXBuildFile; fileRef = 316CD42C19413EEF00272436 /* liolib.c */; };
		316CD45D19413EEF00272436 /* llex.c in Sources */ = {isa = PBXBuildFile; fileRef = 316CD42D19413EEF00272436 /* llex.c */; };
		316CD45E19413EEF00272436 /* lmathlib.c in Sources */ = {isa = PBXBuildFile; fileRef = 316CD43019413EEF00272436 /* lmathlib.c */; };
		316CD45F19413EEF00272436 /* lmem.c in Sources */ = {isa = PBXBuildFile; fileRef = 316CD43119413EEF00272436 /* lmem.c */; };
		316CD46019413EEF00272436 /* loadlib.c in Sources */ = {isa = PBXBuildFile; fileRef = 316CD43319413EEF00272436 /* loadlib.c */; };
		316CD46119413EEF00272436 /* lobject.c in Sources */ = {isa = PBXBuildFile; fileRef = 316CD43419413EEF00272436 /* lobject.c */; };
		316CD46219413EEF00272436 /* lopcodes.c in Sources */ = {isa = PBXBuildFile; fileRef = 316CD43619413EEF00272436 /* lopcodes.c */; };
		316CD46319413EEF00272436 /* loslib.c in Sources */ = {isa = PBXBuildFile; fileRef = 316CD43819413EEF00272436 /* loslib.c */; };
		316CD46419413EEF00272436 /* lparser.c in Sources */ = {isa = PBXBuildFile; fileRef = 316CD43919413EEF00272436 /* lparser.c */; };
		316CD46519413EEF00272436 /* lstate.c in Sources */ = {isa = PBXBuildFile; fileRef = 316CD43B19413EEF00272436 /* lstate.c */; };
		316CD46619413EEF00272436 /* lstring.c in Sources */ = {isa = PBXBuildFile; fileRef = 316CD43D19413EEF00272436 /* lstring.c */; };
		316CD46719413EEF00272436 /* lstrlib.c in Sources */ = {isa = PBXBuildFile; fileRef = 316CD43F19413EEF00272436 /* lstrlib.c */; };
		316CD46819413EEF00272436 /* ltable.c in Sources */ = {isa = PBXBuildFile; fileRef = 316CD44019413EEF00272436 /* ltable.c */; };
		316CD46919413EEF00272436 /* ltablib.c in Sources */ = {isa = PBXBuildFile; fileRef = 316CD44219413EEF00272436 /* ltablib.c */; };
		316CD46A19413EEF00272436 /* ltm.c in Sources */ = {isa = PBXBuildFile; fileRef = 316CD44319413EEF00272436 /* ltm.c */; };
		316CD46B19413EEF00272436 /* lundump.c in Sources */ = {isa = PBXBuildFile; fileRef = 316CD44819413EEF00272436 /* lundump.c */; };
		316CD46C19413EEF00272436 /* lvm.c in Sources */ = {isa = PBXBuildFile; fileRef = 316CD44A19413EEF00272436 /* lvm.c */; };
		316CD46D19413EEF00272436 /* lzio.c in Sources */ = {isa = PBXBuildFile; fileRef = 316CD44C19413EEF00272436 /* lzio.c */; };
		316CD4701941420B00272436 /* libSDL2_image.a in Frameworks */ = {isa = PBXBuildFile; fileRef = 316CD46E1941420B00272436 /* libSDL2_image.a */; };
		316CD4711941420B00272436 /* libSDL2_ttf.a in Frameworks */ = {isa = PBXBuildFile; fileRef = 316CD46F1941420B00272436 /* libSDL2_ttf.a */; };
		316CD47A1941429900272436 /* audio.c in Sources */ = {isa = PBXBuildFile; fileRef = 316CD4721941429900272436 /* audio.c */; };
		316CD47B1941429900272436 /* events.c in Sources */ = {isa = PBXBuildFile; fileRef = 316CD4731941429900272436 /* events.c */; };
		316CD47C1941429900272436 /* font.c in Sources */ = {isa = PBXBuildFile; fileRef = 316CD4741941429900272436 /* font.c */; };
		316CD47D1941429900272436 /* global.c in Sources */ = {isa = PBXBuildFile; fileRef = 316CD4751941429900272436 /* global.c */; };
		316CD47E1941429900272436 /* main.c in Sources */ = {isa = PBXBuildFile; fileRef = 316CD4771941429900272436 /* main.c */; };
		316CD47F1941429900272436 /* texture.c in Sources */ = {isa = PBXBuildFile; fileRef = 316CD4781941429900272436 /* texture.c */; };
		316CD4801941429900272436 /* util.c in Sources */ = {isa = PBXBuildFile; fileRef = 316CD4791941429900272436 /* util.c */; };
		316CD486194142D500272436 /* config.lua in Resources */ = {isa = PBXBuildFile; fileRef = 316CD481194142D500272436 /* config.lua */; };
		316CD487194142D500272436 /* fonts in Resources */ = {isa = PBXBuildFile; fileRef = 316CD482194142D500272436 /* fonts */; };
		316CD488194142D500272436 /* init.lua in Resources */ = {isa = PBXBuildFile; fileRef = 316CD483194142D500272436 /* init.lua */; };
		316CD489194142D500272436 /* textures in Resources */ = {isa = PBXBuildFile; fileRef = 316CD484194142D500272436 /* textures */; };
		316CD48A194142D500272436 /* waves in Resources */ = {isa = PBXBuildFile; fileRef = 316CD485194142D500272436 /* waves */; };
		316CD48C1941434000272436 /* MobileCoreServices.framework in Frameworks */ = {isa = PBXBuildFile; fileRef = 316CD48B1941434000272436 /* MobileCoreServices.framework */; };
		316CD48E1941434A00272436 /* ImageIO.framework in Frameworks */ = {isa = PBXBuildFile; fileRef = 316CD48D1941434A00272436 /* ImageIO.framework */; };
		FD779EDE0E26BA1200F39101 /* CoreAudio.framework in Frameworks */ = {isa = PBXBuildFile; fileRef = FD779EDD0E26BA1200F39101 /* CoreAudio.framework */; };
		FD77A07D0E26BD8C00F39101 /* Icon.png in Resources */ = {isa = PBXBuildFile; fileRef = FD77A07C0E26BD8C00F39101 /* Icon.png */; };
		FD77A07F0E26BDA900F39101 /* Default.png in Resources */ = {isa = PBXBuildFile; fileRef = FD77A07E0E26BDA900F39101 /* Default.png */; };
		FD77A0850E26BDB800F39101 /* AudioToolbox.framework in Frameworks */ = {isa = PBXBuildFile; fileRef = FD77A0840E26BDB800F39101 /* AudioToolbox.framework */; };
		FDB8BFC60E5A0F6A00980157 /* CoreGraphics.framework in Frameworks */ = {isa = PBXBuildFile; fileRef = FDB8BFC50E5A0F6A00980157 /* CoreGraphics.framework */; };
/* End PBXBuildFile section */

/* Begin PBXFileReference section */
		0097E29A12F70C4D00724AC5 /* begin_code.h */ = {isa = PBXFileReference; fileEncoding = 4; lastKnownFileType = sourcecode.c.h; path = begin_code.h; sourceTree = "<group>"; };
		0097E29B12F70C4D00724AC5 /* close_code.h */ = {isa = PBXFileReference; fileEncoding = 4; lastKnownFileType = sourcecode.c.h; path = close_code.h; sourceTree = "<group>"; };
		0097E29C12F70C4D00724AC5 /* doxyfile */ = {isa = PBXFileReference; fileEncoding = 4; lastKnownFileType = text; path = doxyfile; sourceTree = "<group>"; };
		0097E29D12F70C4D00724AC5 /* SDL.h */ = {isa = PBXFileReference; fileEncoding = 4; lastKnownFileType = sourcecode.c.h; path = SDL.h; sourceTree = "<group>"; };
		0097E29E12F70C4D00724AC5 /* SDL_assert.h */ = {isa = PBXFileReference; fileEncoding = 4; lastKnownFileType = sourcecode.c.h; path = SDL_assert.h; sourceTree = "<group>"; };
		0097E29F12F70C4D00724AC5 /* SDL_atomic.h */ = {isa = PBXFileReference; fileEncoding = 4; lastKnownFileType = sourcecode.c.h; path = SDL_atomic.h; sourceTree = "<group>"; };
		0097E2A012F70C4D00724AC5 /* SDL_audio.h */ = {isa = PBXFileReference; fileEncoding = 4; lastKnownFileType = sourcecode.c.h; path = SDL_audio.h; sourceTree = "<group>"; };
		0097E2A112F70C4D00724AC5 /* SDL_blendmode.h */ = {isa = PBXFileReference; fileEncoding = 4; lastKnownFileType = sourcecode.c.h; path = SDL_blendmode.h; sourceTree = "<group>"; };
		0097E2A212F70C4D00724AC5 /* SDL_clipboard.h */ = {isa = PBXFileReference; fileEncoding = 4; lastKnownFileType = sourcecode.c.h; path = SDL_clipboard.h; sourceTree = "<group>"; };
		0097E2A312F70C4D00724AC5 /* SDL_compat.h */ = {isa = PBXFileReference; fileEncoding = 4; lastKnownFileType = sourcecode.c.h; path = SDL_compat.h; sourceTree = "<group>"; };
		0097E2A412F70C4D00724AC5 /* SDL_config.h */ = {isa = PBXFileReference; fileEncoding = 4; lastKnownFileType = sourcecode.c.h; path = SDL_config.h; sourceTree = "<group>"; };
		0097E2A512F70C4D00724AC5 /* SDL_config.h.default */ = {isa = PBXFileReference; fileEncoding = 4; lastKnownFileType = text; path = SDL_config.h.default; sourceTree = "<group>"; };
		0097E2A612F70C4D00724AC5 /* SDL_config.h.in */ = {isa = PBXFileReference; fileEncoding = 4; lastKnownFileType = text; path = SDL_config.h.in; sourceTree = "<group>"; };
		0097E2A712F70C4D00724AC5 /* SDL_config_android.h */ = {isa = PBXFileReference; fileEncoding = 4; lastKnownFileType = sourcecode.c.h; path = SDL_config_android.h; sourceTree = "<group>"; };
		0097E2A812F70C4D00724AC5 /* SDL_config_iphoneos.h */ = {isa = PBXFileReference; fileEncoding = 4; lastKnownFileType = sourcecode.c.h; path = SDL_config_iphoneos.h; sourceTree = "<group>"; };
		0097E2A912F70C4D00724AC5 /* SDL_config_macosx.h */ = {isa = PBXFileReference; fileEncoding = 4; lastKnownFileType = sourcecode.c.h; path = SDL_config_macosx.h; sourceTree = "<group>"; };
		0097E2AA12F70C4D00724AC5 /* SDL_config_minimal.h */ = {isa = PBXFileReference; fileEncoding = 4; lastKnownFileType = sourcecode.c.h; path = SDL_config_minimal.h; sourceTree = "<group>"; };
		0097E2AC12F70C4D00724AC5 /* SDL_config_pandora.h */ = {isa = PBXFileReference; fileEncoding = 4; lastKnownFileType = sourcecode.c.h; path = SDL_config_pandora.h; sourceTree = "<group>"; };
		0097E2AD12F70C4D00724AC5 /* SDL_config_windows.h */ = {isa = PBXFileReference; fileEncoding = 4; lastKnownFileType = sourcecode.c.h; path = SDL_config_windows.h; sourceTree = "<group>"; };
		0097E2AE12F70C4D00724AC5 /* SDL_config_wiz.h */ = {isa = PBXFileReference; fileEncoding = 4; lastKnownFileType = sourcecode.c.h; path = SDL_config_wiz.h; sourceTree = "<group>"; };
		0097E2AF12F70C4D00724AC5 /* SDL_copying.h */ = {isa = PBXFileReference; fileEncoding = 4; lastKnownFileType = sourcecode.c.h; path = SDL_copying.h; sourceTree = "<group>"; };
		0097E2B012F70C4D00724AC5 /* SDL_cpuinfo.h */ = {isa = PBXFileReference; fileEncoding = 4; lastKnownFileType = sourcecode.c.h; path = SDL_cpuinfo.h; sourceTree = "<group>"; };
		0097E2B112F70C4D00724AC5 /* SDL_endian.h */ = {isa = PBXFileReference; fileEncoding = 4; lastKnownFileType = sourcecode.c.h; path = SDL_endian.h; sourceTree = "<group>"; };
		0097E2B212F70C4D00724AC5 /* SDL_error.h */ = {isa = PBXFileReference; fileEncoding = 4; lastKnownFileType = sourcecode.c.h; path = SDL_error.h; sourceTree = "<group>"; };
		0097E2B312F70C4D00724AC5 /* SDL_events.h */ = {isa = PBXFileReference; fileEncoding = 4; lastKnownFileType = sourcecode.c.h; path = SDL_events.h; sourceTree = "<group>"; };
		0097E2B412F70C4D00724AC5 /* SDL_gesture.h */ = {isa = PBXFileReference; fileEncoding = 4; lastKnownFileType = sourcecode.c.h; path = SDL_gesture.h; sourceTree = "<group>"; };
		0097E2B512F70C4D00724AC5 /* SDL_haptic.h */ = {isa = PBXFileReference; fileEncoding = 4; lastKnownFileType = sourcecode.c.h; path = SDL_haptic.h; sourceTree = "<group>"; };
		0097E2B612F70C4D00724AC5 /* SDL_input.h */ = {isa = PBXFileReference; fileEncoding = 4; lastKnownFileType = sourcecode.c.h; path = SDL_input.h; sourceTree = "<group>"; };
		0097E2B712F70C4D00724AC5 /* SDL_joystick.h */ = {isa = PBXFileReference; fileEncoding = 4; lastKnownFileType = sourcecode.c.h; path = SDL_joystick.h; sourceTree = "<group>"; };
		0097E2B812F70C4D00724AC5 /* SDL_keyboard.h */ = {isa = PBXFileReference; fileEncoding = 4; lastKnownFileType = sourcecode.c.h; path = SDL_keyboard.h; sourceTree = "<group>"; };
		0097E2B912F70C4D00724AC5 /* SDL_keysym.h */ = {isa = PBXFileReference; fileEncoding = 4; lastKnownFileType = sourcecode.c.h; path = SDL_keysym.h; sourceTree = "<group>"; };
		0097E2BA12F70C4D00724AC5 /* SDL_loadso.h */ = {isa = PBXFileReference; fileEncoding = 4; lastKnownFileType = sourcecode.c.h; path = SDL_loadso.h; sourceTree = "<group>"; };
		0097E2BB12F70C4D00724AC5 /* SDL_main.h */ = {isa = PBXFileReference; fileEncoding = 4; lastKnownFileType = sourcecode.c.h; path = SDL_main.h; sourceTree = "<group>"; };
		0097E2BC12F70C4D00724AC5 /* SDL_mouse.h */ = {isa = PBXFileReference; fileEncoding = 4; lastKnownFileType = sourcecode.c.h; path = SDL_mouse.h; sourceTree = "<group>"; };
		0097E2BD12F70C4D00724AC5 /* SDL_mutex.h */ = {isa = PBXFileReference; fileEncoding = 4; lastKnownFileType = sourcecode.c.h; path = SDL_mutex.h; sourceTree = "<group>"; };
		0097E2BE12F70C4D00724AC5 /* SDL_name.h */ = {isa = PBXFileReference; fileEncoding = 4; lastKnownFileType = sourcecode.c.h; path = SDL_name.h; sourceTree = "<group>"; };
		0097E2BF12F70C4D00724AC5 /* SDL_opengl.h */ = {isa = PBXFileReference; fileEncoding = 4; lastKnownFileType = sourcecode.c.h; path = SDL_opengl.h; sourceTree = "<group>"; };
		0097E2C012F70C4D00724AC5 /* SDL_opengles.h */ = {isa = PBXFileReference; fileEncoding = 4; lastKnownFileType = sourcecode.c.h; path = SDL_opengles.h; sourceTree = "<group>"; };
		0097E2C112F70C4D00724AC5 /* SDL_pixels.h */ = {isa = PBXFileReference; fileEncoding = 4; lastKnownFileType = sourcecode.c.h; path = SDL_pixels.h; sourceTree = "<group>"; };
		0097E2C212F70C4D00724AC5 /* SDL_platform.h */ = {isa = PBXFileReference; fileEncoding = 4; lastKnownFileType = sourcecode.c.h; path = SDL_platform.h; sourceTree = "<group>"; };
		0097E2C312F70C4D00724AC5 /* SDL_power.h */ = {isa = PBXFileReference; fileEncoding = 4; lastKnownFileType = sourcecode.c.h; path = SDL_power.h; sourceTree = "<group>"; };
		0097E2C412F70C4D00724AC5 /* SDL_quit.h */ = {isa = PBXFileReference; fileEncoding = 4; lastKnownFileType = sourcecode.c.h; path = SDL_quit.h; sourceTree = "<group>"; };
		0097E2C512F70C4D00724AC5 /* SDL_rect.h */ = {isa = PBXFileReference; fileEncoding = 4; lastKnownFileType = sourcecode.c.h; path = SDL_rect.h; sourceTree = "<group>"; };
		0097E2C612F70C4D00724AC5 /* SDL_revision.h */ = {isa = PBXFileReference; fileEncoding = 4; lastKnownFileType = sourcecode.c.h; path = SDL_revision.h; sourceTree = "<group>"; };
		0097E2C712F70C4D00724AC5 /* SDL_rwops.h */ = {isa = PBXFileReference; fileEncoding = 4; lastKnownFileType = sourcecode.c.h; path = SDL_rwops.h; sourceTree = "<group>"; };
		0097E2C812F70C4D00724AC5 /* SDL_scalemode.h */ = {isa = PBXFileReference; fileEncoding = 4; lastKnownFileType = sourcecode.c.h; path = SDL_scalemode.h; sourceTree = "<group>"; };
		0097E2C912F70C4D00724AC5 /* SDL_scancode.h */ = {isa = PBXFileReference; fileEncoding = 4; lastKnownFileType = sourcecode.c.h; path = SDL_scancode.h; sourceTree = "<group>"; };
		0097E2CA12F70C4D00724AC5 /* SDL_shape.h */ = {isa = PBXFileReference; fileEncoding = 4; lastKnownFileType = sourcecode.c.h; path = SDL_shape.h; sourceTree = "<group>"; };
		0097E2CB12F70C4D00724AC5 /* SDL_stdinc.h */ = {isa = PBXFileReference; fileEncoding = 4; lastKnownFileType = sourcecode.c.h; path = SDL_stdinc.h; sourceTree = "<group>"; };
		0097E2CC12F70C4D00724AC5 /* SDL_surface.h */ = {isa = PBXFileReference; fileEncoding = 4; lastKnownFileType = sourcecode.c.h; path = SDL_surface.h; sourceTree = "<group>"; };
		0097E2CD12F70C4D00724AC5 /* SDL_syswm.h */ = {isa = PBXFileReference; fileEncoding = 4; lastKnownFileType = sourcecode.c.h; path = SDL_syswm.h; sourceTree = "<group>"; };
		0097E2CE12F70C4D00724AC5 /* SDL_thread.h */ = {isa = PBXFileReference; fileEncoding = 4; lastKnownFileType = sourcecode.c.h; path = SDL_thread.h; sourceTree = "<group>"; };
		0097E2CF12F70C4D00724AC5 /* SDL_timer.h */ = {isa = PBXFileReference; fileEncoding = 4; lastKnownFileType = sourcecode.c.h; path = SDL_timer.h; sourceTree = "<group>"; };
		0097E2D012F70C4D00724AC5 /* SDL_touch.h */ = {isa = PBXFileReference; fileEncoding = 4; lastKnownFileType = sourcecode.c.h; path = SDL_touch.h; sourceTree = "<group>"; };
		0097E2D112F70C4D00724AC5 /* SDL_types.h */ = {isa = PBXFileReference; fileEncoding = 4; lastKnownFileType = sourcecode.c.h; path = SDL_types.h; sourceTree = "<group>"; };
		0097E2D212F70C4D00724AC5 /* SDL_version.h */ = {isa = PBXFileReference; fileEncoding = 4; lastKnownFileType = sourcecode.c.h; path = SDL_version.h; sourceTree = "<group>"; };
		0097E2D312F70C4D00724AC5 /* SDL_video.h */ = {isa = PBXFileReference; fileEncoding = 4; lastKnownFileType = sourcecode.c.h; path = SDL_video.h; sourceTree = "<group>"; };
		1D30AB110D05D00D00671497 /* Foundation.framework */ = {isa = PBXFileReference; lastKnownFileType = wrapper.framework; name = Foundation.framework; path = System/Library/Frameworks/Foundation.framework; sourceTree = SDKROOT; };
		1D6058910D05DD3D006BFB54 /* ios.app */ = {isa = PBXFileReference; explicitFileType = wrapper.application; includeInIndex = 0; path = ios.app; sourceTree = BUILT_PRODUCTS_DIR; };
		1DF5F4DF0D08C38300B7A737 /* UIKit.framework */ = {isa = PBXFileReference; lastKnownFileType = wrapper.framework; name = UIKit.framework; path = System/Library/Frameworks/UIKit.framework; sourceTree = SDKROOT; };
		28FD14FF0DC6FC520079059D /* OpenGLES.framework */ = {isa = PBXFileReference; lastKnownFileType = wrapper.framework; name = OpenGLES.framework; path = System/Library/Frameworks/OpenGLES.framework; sourceTree = SDKROOT; };
		28FD15070DC6FC5B0079059D /* QuartzCore.framework */ = {isa = PBXFileReference; lastKnownFileType = wrapper.framework; name = QuartzCore.framework; path = System/Library/Frameworks/QuartzCore.framework; sourceTree = SDKROOT; };
		316CD41119413A3900272436 /* libSDL2.a */ = {isa = PBXFileReference; lastKnownFileType = archive.ar; name = libSDL2.a; path = lib/libSDL2.a; sourceTree = SOURCE_ROOT; };
		316CD41619413EEF00272436 /* lapi.c */ = {isa = PBXFileReference; fileEncoding = 4; lastKnownFileType = sourcecode.c.c; name = lapi.c; path = ../../lua/lapi.c; sourceTree = "<group>"; };
		316CD41719413EEF00272436 /* lapi.h */ = {isa = PBXFileReference; fileEncoding = 4; lastKnownFileType = sourcecode.c.h; name = lapi.h; path = ../../lua/lapi.h; sourceTree = "<group>"; };
		316CD41819413EEF00272436 /* lauxlib.c */ = {isa = PBXFileReference; fileEncoding = 4; lastKnownFileType = sourcecode.c.c; name = lauxlib.c; path = ../../lua/lauxlib.c; sourceTree = "<group>"; };
		316CD41919413EEF00272436 /* lauxlib.h */ = {isa = PBXFileReference; fileEncoding = 4; lastKnownFileType = sourcecode.c.h; name = lauxlib.h; path = ../../lua/lauxlib.h; sourceTree = "<group>"; };
		316CD41A19413EEF00272436 /* lbaselib.c */ = {isa = PBXFileReference; fileEncoding = 4; lastKnownFileType = sourcecode.c.c; name = lbaselib.c; path = ../../lua/lbaselib.c; sourceTree = "<group>"; };
		316CD41B19413EEF00272436 /* lbitlib.c */ = {isa = PBXFileReference; fileEncoding = 4; lastKnownFileType = sourcecode.c.c; name = lbitlib.c; path = ../../lua/lbitlib.c; sourceTree = "<group>"; };
		316CD41C19413EEF00272436 /* lcode.c */ = {isa = PBXFileReference; fileEncoding = 4; lastKnownFileType = sourcecode.c.c; name = lcode.c; path = ../../lua/lcode.c; sourceTree = "<group>"; };
		316CD41D19413EEF00272436 /* lcode.h */ = {isa = PBXFileReference; fileEncoding = 4; lastKnownFileType = sourcecode.c.h; name = lcode.h; path = ../../lua/lcode.h; sourceTree = "<group>"; };
		316CD41E19413EEF00272436 /* lcorolib.c */ = {isa = PBXFileReference; fileEncoding = 4; lastKnownFileType = sourcecode.c.c; name = lcorolib.c; path = ../../lua/lcorolib.c; sourceTree = "<group>"; };
		316CD41F19413EEF00272436 /* lctype.c */ = {isa = PBXFileReference; fileEncoding = 4; lastKnownFileType = sourcecode.c.c; name = lctype.c; path = ../../lua/lctype.c; sourceTree = "<group>"; };
		316CD42019413EEF00272436 /* lctype.h */ = {isa = PBXFileReference; fileEncoding = 4; lastKnownFileType = sourcecode.c.h; name = lctype.h; path = ../../lua/lctype.h; sourceTree = "<group>"; };
		316CD42119413EEF00272436 /* ldblib.c */ = {isa = PBXFileReference; fileEncoding = 4; lastKnownFileType = sourcecode.c.c; name = ldblib.c; path = ../../lua/ldblib.c; sourceTree = "<group>"; };
		316CD42219413EEF00272436 /* ldebug.c */ = {isa = PBXFileReference; fileEncoding = 4; lastKnownFileType = sourcecode.c.c; name = ldebug.c; path = ../../lua/ldebug.c; sourceTree = "<group>"; };
		316CD42319413EEF00272436 /* ldebug.h */ = {isa = PBXFileReference; fileEncoding = 4; lastKnownFileType = sourcecode.c.h; name = ldebug.h; path = ../../lua/ldebug.h; sourceTree = "<group>"; };
		316CD42419413EEF00272436 /* ldo.c */ = {isa = PBXFileReference; fileEncoding = 4; lastKnownFileType = sourcecode.c.c; name = ldo.c; path = ../../lua/ldo.c; sourceTree = "<group>"; };
		316CD42519413EEF00272436 /* ldo.h */ = {isa = PBXFileReference; fileEncoding = 4; lastKnownFileType = sourcecode.c.h; name = ldo.h; path = ../../lua/ldo.h; sourceTree = "<group>"; };
		316CD42619413EEF00272436 /* ldump.c */ = {isa = PBXFileReference; fileEncoding = 4; lastKnownFileType = sourcecode.c.c; name = ldump.c; path = ../../lua/ldump.c; sourceTree = "<group>"; };
		316CD42719413EEF00272436 /* lfunc.c */ = {isa = PBXFileReference; fileEncoding = 4; lastKnownFileType = sourcecode.c.c; name = lfunc.c; path = ../../lua/lfunc.c; sourceTree = "<group>"; };
		316CD42819413EEF00272436 /* lfunc.h */ = {isa = PBXFileReference; fileEncoding = 4; lastKnownFileType = sourcecode.c.h; name = lfunc.h; path = ../../lua/lfunc.h; sourceTree = "<group>"; };
		316CD42919413EEF00272436 /* lgc.c */ = {isa = PBXFileReference; fileEncoding = 4; lastKnownFileType = sourcecode.c.c; name = lgc.c; path = ../../lua/lgc.c; sourceTree = "<group>"; };
		316CD42A19413EEF00272436 /* lgc.h */ = {isa = PBXFileReference; fileEncoding = 4; lastKnownFileType = sourcecode.c.h; name = lgc.h; path = ../../lua/lgc.h; sourceTree = "<group>"; };
		316CD42B19413EEF00272436 /* linit.c */ = {isa = PBXFileReference; fileEncoding = 4; lastKnownFileType = sourcecode.c.c; name = linit.c; path = ../../lua/linit.c; sourceTree = "<group>"; };
		316CD42C19413EEF00272436 /* liolib.c */ = {isa = PBXFileReference; fileEncoding = 4; lastKnownFileType = sourcecode.c.c; name = liolib.c; path = ../../lua/liolib.c; sourceTree = "<group>"; };
		316CD42D19413EEF00272436 /* llex.c */ = {isa = PBXFileReference; fileEncoding = 4; lastKnownFileType = sourcecode.c.c; name = llex.c; path = ../../lua/llex.c; sourceTree = "<group>"; };
		316CD42E19413EEF00272436 /* llex.h */ = {isa = PBXFileReference; fileEncoding = 4; lastKnownFileType = sourcecode.c.h; name = llex.h; path = ../../lua/llex.h; sourceTree = "<group>"; };
		316CD42F19413EEF00272436 /* llimits.h */ = {isa = PBXFileReference; fileEncoding = 4; lastKnownFileType = sourcecode.c.h; name = llimits.h; path = ../../lua/llimits.h; sourceTree = "<group>"; };
		316CD43019413EEF00272436 /* lmathlib.c */ = {isa = PBXFileReference; fileEncoding = 4; lastKnownFileType = sourcecode.c.c; name = lmathlib.c; path = ../../lua/lmathlib.c; sourceTree = "<group>"; };
		316CD43119413EEF00272436 /* lmem.c */ = {isa = PBXFileReference; fileEncoding = 4; lastKnownFileType = sourcecode.c.c; name = lmem.c; path = ../../lua/lmem.c; sourceTree = "<group>"; };
		316CD43219413EEF00272436 /* lmem.h */ = {isa = PBXFileReference; fileEncoding = 4; lastKnownFileType = sourcecode.c.h; name = lmem.h; path = ../../lua/lmem.h; sourceTree = "<group>"; };
		316CD43319413EEF00272436 /* loadlib.c */ = {isa = PBXFileReference; fileEncoding = 4; lastKnownFileType = sourcecode.c.c; name = loadlib.c; path = ../../lua/loadlib.c; sourceTree = "<group>"; };
		316CD43419413EEF00272436 /* lobject.c */ = {isa = PBXFileReference; fileEncoding = 4; lastKnownFileType = sourcecode.c.c; name = lobject.c; path = ../../lua/lobject.c; sourceTree = "<group>"; };
		316CD43519413EEF00272436 /* lobject.h */ = {isa = PBXFileReference; fileEncoding = 4; lastKnownFileType = sourcecode.c.h; name = lobject.h; path = ../../lua/lobject.h; sourceTree = "<group>"; };
		316CD43619413EEF00272436 /* lopcodes.c */ = {isa = PBXFileReference; fileEncoding = 4; lastKnownFileType = sourcecode.c.c; name = lopcodes.c; path = ../../lua/lopcodes.c; sourceTree = "<group>"; };
		316CD43719413EEF00272436 /* lopcodes.h */ = {isa = PBXFileReference; fileEncoding = 4; lastKnownFileType = sourcecode.c.h; name = lopcodes.h; path = ../../lua/lopcodes.h; sourceTree = "<group>"; };
		316CD43819413EEF00272436 /* loslib.c */ = {isa = PBXFileReference; fileEncoding = 4; lastKnownFileType = sourcecode.c.c; name = loslib.c; path = ../../lua/loslib.c; sourceTree = "<group>"; };
		316CD43919413EEF00272436 /* lparser.c */ = {isa = PBXFileReference; fileEncoding = 4; lastKnownFileType = sourcecode.c.c; name = lparser.c; path = ../../lua/lparser.c; sourceTree = "<group>"; };
		316CD43A19413EEF00272436 /* lparser.h */ = {isa = PBXFileReference; fileEncoding = 4; lastKnownFileType = sourcecode.c.h; name = lparser.h; path = ../../lua/lparser.h; sourceTree = "<group>"; };
		316CD43B19413EEF00272436 /* lstate.c */ = {isa = PBXFileReference; fileEncoding = 4; lastKnownFileType = sourcecode.c.c; name = lstate.c; path = ../../lua/lstate.c; sourceTree = "<group>"; };
		316CD43C19413EEF00272436 /* lstate.h */ = {isa = PBXFileReference; fileEncoding = 4; lastKnownFileType = sourcecode.c.h; name = lstate.h; path = ../../lua/lstate.h; sourceTree = "<group>"; };
		316CD43D19413EEF00272436 /* lstring.c */ = {isa = PBXFileReference; fileEncoding = 4; lastKnownFileType = sourcecode.c.c; name = lstring.c; path = ../../lua/lstring.c; sourceTree = "<group>"; };
		316CD43E19413EEF00272436 /* lstring.h */ = {isa = PBXFileReference; fileEncoding = 4; lastKnownFileType = sourcecode.c.h; name = lstring.h; path = ../../lua/lstring.h; sourceTree = "<group>"; };
		316CD43F19413EEF00272436 /* lstrlib.c */ = {isa = PBXFileReference; fileEncoding = 4; lastKnownFileType = sourcecode.c.c; name = lstrlib.c; path = ../../lua/lstrlib.c; sourceTree = "<group>"; };
		316CD44019413EEF00272436 /* ltable.c */ = {isa = PBXFileReference; fileEncoding = 4; lastKnownFileType = sourcecode.c.c; name = ltable.c; path = ../../lua/ltable.c; sourceTree = "<group>"; };
		316CD44119413EEF00272436 /* ltable.h */ = {isa = PBXFileReference; fileEncoding = 4; lastKnownFileType = sourcecode.c.h; name = ltable.h; path = ../../lua/ltable.h; sourceTree = "<group>"; };
		316CD44219413EEF00272436 /* ltablib.c */ = {isa = PBXFileReference; fileEncoding = 4; lastKnownFileType = sourcecode.c.c; name = ltablib.c; path = ../../lua/ltablib.c; sourceTree = "<group>"; };
		316CD44319413EEF00272436 /* ltm.c */ = {isa = PBXFileReference; fileEncoding = 4; lastKnownFileType = sourcecode.c.c; name = ltm.c; path = ../../lua/ltm.c; sourceTree = "<group>"; };
		316CD44419413EEF00272436 /* ltm.h */ = {isa = PBXFileReference; fileEncoding = 4; lastKnownFileType = sourcecode.c.h; name = ltm.h; path = ../../lua/ltm.h; sourceTree = "<group>"; };
		316CD44519413EEF00272436 /* lua.h */ = {isa = PBXFileReference; fileEncoding = 4; lastKnownFileType = sourcecode.c.h; name = lua.h; path = ../../lua/lua.h; sourceTree = "<group>"; };
		316CD44619413EEF00272436 /* luaconf.h */ = {isa = PBXFileReference; fileEncoding = 4; lastKnownFileType = sourcecode.c.h; name = luaconf.h; path = ../../lua/luaconf.h; sourceTree = "<group>"; };
		316CD44719413EEF00272436 /* lualib.h */ = {isa = PBXFileReference; fileEncoding = 4; lastKnownFileType = sourcecode.c.h; name = lualib.h; path = ../../lua/lualib.h; sourceTree = "<group>"; };
		316CD44819413EEF00272436 /* lundump.c */ = {isa = PBXFileReference; fileEncoding = 4; lastKnownFileType = sourcecode.c.c; name = lundump.c; path = ../../lua/lundump.c; sourceTree = "<group>"; };
		316CD44919413EEF00272436 /* lundump.h */ = {isa = PBXFileReference; fileEncoding = 4; lastKnownFileType = sourcecode.c.h; name = lundump.h; path = ../../lua/lundump.h; sourceTree = "<group>"; };
		316CD44A19413EEF00272436 /* lvm.c */ = {isa = PBXFileReference; fileEncoding = 4; lastKnownFileType = sourcecode.c.c; name = lvm.c; path = ../../lua/lvm.c; sourceTree = "<group>"; };
		316CD44B19413EEF00272436 /* lvm.h */ = {isa = PBXFileReference; fileEncoding = 4; lastKnownFileType = sourcecode.c.h; name = lvm.h; path = ../../lua/lvm.h; sourceTree = "<group>"; };
		316CD44C19413EEF00272436 /* lzio.c */ = {isa = PBXFileReference; fileEncoding = 4; lastKnownFileType = sourcecode.c.c; name = lzio.c; path = ../../lua/lzio.c; sourceTree = "<group>"; };
		316CD44D19413EEF00272436 /* lzio.h */ = {isa = PBXFileReference; fileEncoding = 4; lastKnownFileType = sourcecode.c.h; name = lzio.h; path = ../../lua/lzio.h; sourceTree = "<group>"; };
		316CD46E1941420B00272436 /* libSDL2_image.a */ = {isa = PBXFileReference; lastKnownFileType = archive.ar; name = libSDL2_image.a; path = lib/libSDL2_image.a; sourceTree = SOURCE_ROOT; };
		316CD46F1941420B00272436 /* libSDL2_ttf.a */ = {isa = PBXFileReference; lastKnownFileType = archive.ar; name = libSDL2_ttf.a; path = lib/libSDL2_ttf.a; sourceTree = SOURCE_ROOT; };
		316CD4721941429900272436 /* audio.c */ = {isa = PBXFileReference; fileEncoding = 4; lastKnownFileType = sourcecode.c.c; name = audio.c; path = ../../src/audio.c; sourceTree = "<group>"; };
		316CD4731941429900272436 /* events.c */ = {isa = PBXFileReference; fileEncoding = 4; lastKnownFileType = sourcecode.c.c; name = events.c; path = ../../src/events.c; sourceTree = "<group>"; };
		316CD4741941429900272436 /* font.c */ = {isa = PBXFileReference; fileEncoding = 4; lastKnownFileType = sourcecode.c.c; name = font.c; path = ../../src/font.c; sourceTree = "<group>"; };
		316CD4751941429900272436 /* global.c */ = {isa = PBXFileReference; fileEncoding = 4; lastKnownFileType = sourcecode.c.c; name = global.c; path = ../../src/global.c; sourceTree = "<group>"; };
		316CD4761941429900272436 /* global.h */ = {isa = PBXFileReference; fileEncoding = 4; lastKnownFileType = sourcecode.c.h; name = global.h; path = ../../src/global.h; sourceTree = "<group>"; };
		316CD4771941429900272436 /* main.c */ = {isa = PBXFileReference; fileEncoding = 4; lastKnownFileType = sourcecode.c.c; name = main.c; path = ../../src/main.c; sourceTree = "<group>"; };
		316CD4781941429900272436 /* texture.c */ = {isa = PBXFileReference; fileEncoding = 4; lastKnownFileType = sourcecode.c.c; name = texture.c; path = ../../src/texture.c; sourceTree = "<group>"; };
		316CD4791941429900272436 /* util.c */ = {isa = PBXFileReference; fileEncoding = 4; lastKnownFileType = sourcecode.c.c; name = util.c; path = ../../src/util.c; sourceTree = "<group>"; };
		316CD481194142D500272436 /* config.lua */ = {isa = PBXFileReference; fileEncoding = 4; lastKnownFileType = text; name = config.lua; path = ../../working/config.lua; sourceTree = "<group>"; };
		316CD482194142D500272436 /* fonts */ = {isa = PBXFileReference; lastKnownFileType = folder; name = fonts; path = ../../working/fonts; sourceTree = "<group>"; };
		316CD483194142D500272436 /* init.lua */ = {isa = PBXFileReference; fileEncoding = 4; lastKnownFileType = text; name = init.lua; path = ../../working/init.lua; sourceTree = "<group>"; };
		316CD484194142D500272436 /* textures */ = {isa = PBXFileReference; lastKnownFileType = folder; name = textures; path = ../../working/textures; sourceTree = "<group>"; };
		316CD485194142D500272436 /* waves */ = {isa = PBXFileReference; lastKnownFileType = folder; name = waves; path = ../../working/waves; sourceTree = "<group>"; };
		316CD48B1941434000272436 /* MobileCoreServices.framework */ = {isa = PBXFileReference; lastKnownFileType = wrapper.framework; name = MobileCoreServices.framework; path = System/Library/Frameworks/MobileCoreServices.framework; sourceTree = SDKROOT; };
		316CD48D1941434A00272436 /* ImageIO.framework */ = {isa = PBXFileReference; lastKnownFileType = wrapper.framework; name = ImageIO.framework; path = System/Library/Frameworks/ImageIO.framework; sourceTree = SDKROOT; };
		8D1107310486CEB800E47090 /* Info.plist */ = {isa = PBXFileReference; fileEncoding = 4; lastKnownFileType = text.plist.xml; path = Info.plist; sourceTree = "<group>"; };
		FD779EDD0E26BA1200F39101 /* CoreAudio.framework */ = {isa = PBXFileReference; lastKnownFileType = wrapper.framework; name = CoreAudio.framework; path = System/Library/Frameworks/CoreAudio.framework; sourceTree = SDKROOT; };
		FD77A07C0E26BD8C00F39101 /* Icon.png */ = {isa = PBXFileReference; lastKnownFileType = image.png; path = Icon.png; sourceTree = "<group>"; };
		FD77A07E0E26BDA900F39101 /* Default.png */ = {isa = PBXFileReference; lastKnownFileType = image.png; path = Default.png; sourceTree = "<group>"; };
		FD77A0840E26BDB800F39101 /* AudioToolbox.framework */ = {isa = PBXFileReference; lastKnownFileType = wrapper.framework; name = AudioToolbox.framework; path = System/Library/Frameworks/AudioToolbox.framework; sourceTree = SDKROOT; };
		FDB8BFC50E5A0F6A00980157 /* CoreGraphics.framework */ = {isa = PBXFileReference; lastKnownFileType = wrapper.framework; name = CoreGraphics.framework; path = System/Library/Frameworks/CoreGraphics.framework; sourceTree = SDKROOT; };
/* End PBXFileReference section */

/* Begin PBXFrameworksBuildPhase section */
		1D60588F0D05DD3D006BFB54 /* Frameworks */ = {
			isa = PBXFrameworksBuildPhase;
			buildActionMask = 2147483647;
			files = (
				316CD48E1941434A00272436 /* ImageIO.framework in Frameworks */,
				316CD48C1941434000272436 /* MobileCoreServices.framework in Frameworks */,
				1D60589F0D05DD5A006BFB54 /* Foundation.framework in Frameworks */,
				1DF5F4E00D08C38300B7A737 /* UIKit.framework in Frameworks */,
				28FD15000DC6FC520079059D /* OpenGLES.framework in Frameworks */,
				28FD15080DC6FC5B0079059D /* QuartzCore.framework in Frameworks */,
				316CD41219413A3900272436 /* libSDL2.a in Frameworks */,
				316CD4701941420B00272436 /* libSDL2_image.a in Frameworks */,
				FD779EDE0E26BA1200F39101 /* CoreAudio.framework in Frameworks */,
				316CD4711941420B00272436 /* libSDL2_ttf.a in Frameworks */,
				FD77A0850E26BDB800F39101 /* AudioToolbox.framework in Frameworks */,
				FDB8BFC60E5A0F6A00980157 /* CoreGraphics.framework in Frameworks */,
			);
			runOnlyForDeploymentPostprocessing = 0;
		};
/* End PBXFrameworksBuildPhase section */

/* Begin PBXGroup section */
		0097E29812F70C4D00724AC5 /* SDL */ = {
			isa = PBXGroup;
			children = (
				0097E29912F70C4D00724AC5 /* include */,
				0097E2D412F70C4D00724AC5 /* lib */,
			);
			path = SDL;
			sourceTree = "<group>";
		};
		0097E29912F70C4D00724AC5 /* include */ = {
			isa = PBXGroup;
			children = (
				0097E29A12F70C4D00724AC5 /* begin_code.h */,
				0097E29B12F70C4D00724AC5 /* close_code.h */,
				0097E29C12F70C4D00724AC5 /* doxyfile */,
				0097E29D12F70C4D00724AC5 /* SDL.h */,
				0097E29E12F70C4D00724AC5 /* SDL_assert.h */,
				0097E29F12F70C4D00724AC5 /* SDL_atomic.h */,
				0097E2A012F70C4D00724AC5 /* SDL_audio.h */,
				0097E2A112F70C4D00724AC5 /* SDL_blendmode.h */,
				0097E2A212F70C4D00724AC5 /* SDL_clipboard.h */,
				0097E2A312F70C4D00724AC5 /* SDL_compat.h */,
				0097E2A412F70C4D00724AC5 /* SDL_config.h */,
				0097E2A512F70C4D00724AC5 /* SDL_config.h.default */,
				0097E2A612F70C4D00724AC5 /* SDL_config.h.in */,
				0097E2A712F70C4D00724AC5 /* SDL_config_android.h */,
				0097E2A812F70C4D00724AC5 /* SDL_config_iphoneos.h */,
				0097E2A912F70C4D00724AC5 /* SDL_config_macosx.h */,
				0097E2AA12F70C4D00724AC5 /* SDL_config_minimal.h */,
				0097E2AC12F70C4D00724AC5 /* SDL_config_pandora.h */,
				0097E2AD12F70C4D00724AC5 /* SDL_config_windows.h */,
				0097E2AE12F70C4D00724AC5 /* SDL_config_wiz.h */,
				0097E2AF12F70C4D00724AC5 /* SDL_copying.h */,
				0097E2B012F70C4D00724AC5 /* SDL_cpuinfo.h */,
				0097E2B112F70C4D00724AC5 /* SDL_endian.h */,
				0097E2B212F70C4D00724AC5 /* SDL_error.h */,
				0097E2B312F70C4D00724AC5 /* SDL_events.h */,
				0097E2B412F70C4D00724AC5 /* SDL_gesture.h */,
				0097E2B512F70C4D00724AC5 /* SDL_haptic.h */,
				0097E2B612F70C4D00724AC5 /* SDL_input.h */,
				0097E2B712F70C4D00724AC5 /* SDL_joystick.h */,
				0097E2B812F70C4D00724AC5 /* SDL_keyboard.h */,
				0097E2B912F70C4D00724AC5 /* SDL_keysym.h */,
				0097E2BA12F70C4D00724AC5 /* SDL_loadso.h */,
				0097E2BB12F70C4D00724AC5 /* SDL_main.h */,
				0097E2BC12F70C4D00724AC5 /* SDL_mouse.h */,
				0097E2BD12F70C4D00724AC5 /* SDL_mutex.h */,
				0097E2BE12F70C4D00724AC5 /* SDL_name.h */,
				0097E2BF12F70C4D00724AC5 /* SDL_opengl.h */,
				0097E2C012F70C4D00724AC5 /* SDL_opengles.h */,
				0097E2C112F70C4D00724AC5 /* SDL_pixels.h */,
				0097E2C212F70C4D00724AC5 /* SDL_platform.h */,
				0097E2C312F70C4D00724AC5 /* SDL_power.h */,
				0097E2C412F70C4D00724AC5 /* SDL_quit.h */,
				0097E2C512F70C4D00724AC5 /* SDL_rect.h */,
				0097E2C612F70C4D00724AC5 /* SDL_revision.h */,
				0097E2C712F70C4D00724AC5 /* SDL_rwops.h */,
				0097E2C812F70C4D00724AC5 /* SDL_scalemode.h */,
				0097E2C912F70C4D00724AC5 /* SDL_scancode.h */,
				0097E2CA12F70C4D00724AC5 /* SDL_shape.h */,
				0097E2CB12F70C4D00724AC5 /* SDL_stdinc.h */,
				0097E2CC12F70C4D00724AC5 /* SDL_surface.h */,
				0097E2CD12F70C4D00724AC5 /* SDL_syswm.h */,
				0097E2CE12F70C4D00724AC5 /* SDL_thread.h */,
				0097E2CF12F70C4D00724AC5 /* SDL_timer.h */,
				0097E2D012F70C4D00724AC5 /* SDL_touch.h */,
				0097E2D112F70C4D00724AC5 /* SDL_types.h */,
				0097E2D212F70C4D00724AC5 /* SDL_version.h */,
				0097E2D312F70C4D00724AC5 /* SDL_video.h */,
			);
			path = include;
			sourceTree = "<group>";
		};
		0097E2D412F70C4D00724AC5 /* lib */ = {
			isa = PBXGroup;
			children = (
				316CD46E1941420B00272436 /* libSDL2_image.a */,
				316CD46F1941420B00272436 /* libSDL2_ttf.a */,
				316CD41119413A3900272436 /* libSDL2.a */,
			);
			path = lib;
			sourceTree = "<group>";
		};
		19C28FACFE9D520D11CA2CBB /* Products */ = {
			isa = PBXGroup;
			children = (
				1D6058910D05DD3D006BFB54 /* ios.app */,
			);
			name = Products;
			sourceTree = "<group>";
		};
		29B97314FDCFA39411CA2CEA /* CustomTemplate */ = {
			isa = PBXGroup;
			children = (
				316CD41319413EB800272436 /* lua */,
				29B97315FDCFA39411CA2CEA /* Sources */,
				29B97317FDCFA39411CA2CEA /* Resources */,
				0097E29812F70C4D00724AC5 /* SDL */,
				29B97323FDCFA39411CA2CEA /* Frameworks */,
				19C28FACFE9D520D11CA2CBB /* Products */,
			);
			name = CustomTemplate;
			sourceTree = "<group>";
		};
		29B97315FDCFA39411CA2CEA /* Sources */ = {
			isa = PBXGroup;
			children = (
				316CD4721941429900272436 /* audio.c */,
				316CD4731941429900272436 /* events.c */,
				316CD4741941429900272436 /* font.c */,
				316CD4751941429900272436 /* global.c */,
				316CD4761941429900272436 /* global.h */,
				316CD4771941429900272436 /* main.c */,
				316CD4781941429900272436 /* texture.c */,
				316CD4791941429900272436 /* util.c */,
			);
			name = Sources;
			sourceTree = "<group>";
		};
		29B97317FDCFA39411CA2CEA /* Resources */ = {
			isa = PBXGroup;
			children = (
				316CD481194142D500272436 /* config.lua */,
				316CD482194142D500272436 /* fonts */,
				316CD483194142D500272436 /* init.lua */,
				316CD484194142D500272436 /* textures */,
				316CD485194142D500272436 /* waves */,
				FD77A07E0E26BDA900F39101 /* Default.png */,
				FD77A07C0E26BD8C00F39101 /* Icon.png */,
				8D1107310486CEB800E47090 /* Info.plist */,
			);
			name = Resources;
			sourceTree = "<group>";
		};
		29B97323FDCFA39411CA2CEA /* Frameworks */ = {
			isa = PBXGroup;
			children = (
				316CD48D1941434A00272436 /* ImageIO.framework */,
				316CD48B1941434000272436 /* MobileCoreServices.framework */,
				FDB8BFC50E5A0F6A00980157 /* CoreGraphics.framework */,
				FD77A0840E26BDB800F39101 /* AudioToolbox.framework */,
				FD779EDD0E26BA1200F39101 /* CoreAudio.framework */,
				28FD15070DC6FC5B0079059D /* QuartzCore.framework */,
				28FD14FF0DC6FC520079059D /* OpenGLES.framework */,
				1DF5F4DF0D08C38300B7A737 /* UIKit.framework */,
				1D30AB110D05D00D00671497 /* Foundation.framework */,
			);
			name = Frameworks;
			sourceTree = "<group>";
		};
		316CD41319413EB800272436 /* lua */ = {
			isa = PBXGroup;
			children = (
				316CD41619413EEF00272436 /* lapi.c */,
				316CD41719413EEF00272436 /* lapi.h */,
				316CD41819413EEF00272436 /* lauxlib.c */,
				316CD41919413EEF00272436 /* lauxlib.h */,
				316CD41A19413EEF00272436 /* lbaselib.c */,
				316CD41B19413EEF00272436 /* lbitlib.c */,
				316CD41C19413EEF00272436 /* lcode.c */,
				316CD41D19413EEF00272436 /* lcode.h */,
				316CD41E19413EEF00272436 /* lcorolib.c */,
				316CD41F19413EEF00272436 /* lctype.c */,
				316CD42019413EEF00272436 /* lctype.h */,
				316CD42119413EEF00272436 /* ldblib.c */,
				316CD42219413EEF00272436 /* ldebug.c */,
				316CD42319413EEF00272436 /* ldebug.h */,
				316CD42419413EEF00272436 /* ldo.c */,
				316CD42519413EEF00272436 /* ldo.h */,
				316CD42619413EEF00272436 /* ldump.c */,
				316CD42719413EEF00272436 /* lfunc.c */,
				316CD42819413EEF00272436 /* lfunc.h */,
				316CD42919413EEF00272436 /* lgc.c */,
				316CD42A19413EEF00272436 /* lgc.h */,
				316CD42B19413EEF00272436 /* linit.c */,
				316CD42C19413EEF00272436 /* liolib.c */,
				316CD42D19413EEF00272436 /* llex.c */,
				316CD42E19413EEF00272436 /* llex.h */,
				316CD42F19413EEF00272436 /* llimits.h */,
				316CD43019413EEF00272436 /* lmathlib.c */,
				316CD43119413EEF00272436 /* lmem.c */,
				316CD43219413EEF00272436 /* lmem.h */,
				316CD43319413EEF00272436 /* loadlib.c */,
				316CD43419413EEF00272436 /* lobject.c */,
				316CD43519413EEF00272436 /* lobject.h */,
				316CD43619413EEF00272436 /* lopcodes.c */,
				316CD43719413EEF00272436 /* lopcodes.h */,
				316CD43819413EEF00272436 /* loslib.c */,
				316CD43919413EEF00272436 /* lparser.c */,
				316CD43A19413EEF00272436 /* lparser.h */,
				316CD43B19413EEF00272436 /* lstate.c */,
				316CD43C19413EEF00272436 /* lstate.h */,
				316CD43D19413EEF00272436 /* lstring.c */,
				316CD43E19413EEF00272436 /* lstring.h */,
				316CD43F19413EEF00272436 /* lstrlib.c */,
				316CD44019413EEF00272436 /* ltable.c */,
				316CD44119413EEF00272436 /* ltable.h */,
				316CD44219413EEF00272436 /* ltablib.c */,
				316CD44319413EEF00272436 /* ltm.c */,
				316CD44419413EEF00272436 /* ltm.h */,
				316CD44519413EEF00272436 /* lua.h */,
				316CD44619413EEF00272436 /* luaconf.h */,
				316CD44719413EEF00272436 /* lualib.h */,
				316CD44819413EEF00272436 /* lundump.c */,
				316CD44919413EEF00272436 /* lundump.h */,
				316CD44A19413EEF00272436 /* lvm.c */,
				316CD44B19413EEF00272436 /* lvm.h */,
				316CD44C19413EEF00272436 /* lzio.c */,
				316CD44D19413EEF00272436 /* lzio.h */,
			);
			name = lua;
			sourceTree = "<group>";
		};
/* End PBXGroup section */

/* Begin PBXNativeTarget section */
		1D6058900D05DD3D006BFB54 /* ios */ = {
			isa = PBXNativeTarget;
			buildConfigurationList = 1D6058960D05DD3E006BFB54 /* Build configuration list for PBXNativeTarget "ios" */;
			buildPhases = (
				1D60588D0D05DD3D006BFB54 /* Resources */,
				1D60588E0D05DD3D006BFB54 /* Sources */,
				1D60588F0D05DD3D006BFB54 /* Frameworks */,
			);
			buildRules = (
			);
			dependencies = (
			);
			name = ios;
			productName = "___PROJECTNAME___";
			productReference = 1D6058910D05DD3D006BFB54 /* ios.app */;
			productType = "com.apple.product-type.application";
		};
/* End PBXNativeTarget section */

/* Begin PBXProject section */
		29B97313FDCFA39411CA2CEA /* Project object */ = {
			isa = PBXProject;
			attributes = {
			};
			buildConfigurationList = C01FCF4E08A954540054247B /* Build configuration list for PBXProject "ios" */;
			compatibilityVersion = "Xcode 3.1";
			developmentRegion = English;
			hasScannedForEncodings = 1;
			knownRegions = (
				English,
				Japanese,
				French,
				German,
			);
			mainGroup = 29B97314FDCFA39411CA2CEA /* CustomTemplate */;
			projectDirPath = "";
			projectRoot = "";
			targets = (
				1D6058900D05DD3D006BFB54 /* ios */,
			);
		};
/* End PBXProject section */

/* Begin PBXResourcesBuildPhase section */
		1D60588D0D05DD3D006BFB54 /* Resources */ = {
			isa = PBXResourcesBuildPhase;
			buildActionMask = 2147483647;
			files = (
				316CD48A194142D500272436 /* waves in Resources */,
				316CD488194142D500272436 /* init.lua in Resources */,
				FD77A07D0E26BD8C00F39101 /* Icon.png in Resources */,
				316CD489194142D500272436 /* textures in Resources */,
				316CD486194142D500272436 /* config.lua in Resources */,
				FD77A07F0E26BDA900F39101 /* Default.png in Resources */,
				316CD487194142D500272436 /* fonts in Resources */,
			);
			runOnlyForDeploymentPostprocessing = 0;
		};
/* End PBXResourcesBuildPhase section */

/* Begin PBXSourcesBuildPhase section */
		1D60588E0D05DD3D006BFB54 /* Sources */ = {
			isa = PBXSourcesBuildPhase;
			buildActionMask = 2147483647;
			files = (
				316CD45919413EEF00272436 /* lfunc.c in Sources */,
				316CD46119413EEF00272436 /* lobject.c in Sources */,
				316CD45719413EEF00272436 /* ldo.c in Sources */,
				316CD47F1941429900272436 /* texture.c in Sources */,
				316CD46B19413EEF00272436 /* lundump.c in Sources */,
				316CD46319413EEF00272436 /* loslib.c in Sources */,
				316CD46C19413EEF00272436 /* lvm.c in Sources */,
				316CD46519413EEF00272436 /* lstate.c in Sources */,
				316CD45E19413EEF00272436 /* lmathlib.c in Sources */,
				316CD46919413EEF00272436 /* ltablib.c in Sources */,
				316CD45519413EEF00272436 /* ldblib.c in Sources */,
				316CD46619413EEF00272436 /* lstring.c in Sources */,
				316CD46A19413EEF00272436 /* ltm.c in Sources */,
				316CD45B19413EEF00272436 /* linit.c in Sources */,
				316CD46819413EEF00272436 /* ltable.c in Sources */,
				316CD47B1941429900272436 /* events.c in Sources */,
				316CD45C19413EEF00272436 /* liolib.c in Sources */,
				316CD47A1941429900272436 /* audio.c in Sources */,
				316CD45319413EEF00272436 /* lcorolib.c in Sources */,
				316CD46D19413EEF00272436 /* lzio.c in Sources */,
				316CD45419413EEF00272436 /* lctype.c in Sources */,
				316CD46719413EEF00272436 /* lstrlib.c in Sources */,
				316CD45A19413EEF00272436 /* lgc.c in Sources */,
				316CD45019413EEF00272436 /* lbaselib.c in Sources */,
				316CD45819413EEF00272436 /* ldump.c in Sources */,
				316CD45D19413EEF00272436 /* llex.c in Sources */,
				316CD4801941429900272436 /* util.c in Sources */,
				316CD44E19413EEF00272436 /* lapi.c in Sources */,
				316CD45619413EEF00272436 /* ldebug.c in Sources */,
				316CD46219413EEF00272436 /* lopcodes.c in Sources */,
				316CD45219413EEF00272436 /* lcode.c in Sources */,
				316CD46419413EEF00272436 /* lparser.c in Sources */,
				316CD47D1941429900272436 /* global.c in Sources */,
				316CD47C1941429900272436 /* font.c in Sources */,
				316CD45119413EEF00272436 /* lbitlib.c in Sources */,
				316CD46019413EEF00272436 /* loadlib.c in Sources */,
				316CD44F19413EEF00272436 /* lauxlib.c in Sources */,
				316CD45F19413EEF00272436 /* lmem.c in Sources */,
				316CD47E1941429900272436 /* main.c in Sources */,
			);
			runOnlyForDeploymentPostprocessing = 0;
		};
/* End PBXSourcesBuildPhase section */

/* Begin XCBuildConfiguration section */
		1D6058940D05DD3E006BFB54 /* Debug */ = {
			isa = XCBuildConfiguration;
			buildSettings = {
				ALWAYS_SEARCH_USER_PATHS = NO;
				COPY_PHASE_STRIP = NO;
				GCC_DYNAMIC_NO_PIC = NO;
				GCC_OPTIMIZATION_LEVEL = 0;
				GCC_PRECOMPILE_PREFIX_HEADER = YES;
				GCC_PREFIX_HEADER = "";
				INFOPLIST_FILE = Info.plist;
				LIBRARY_SEARCH_PATHS = (
					"$(inherited)",
					"\"$(SRCROOT)/SDL/lib\"",
					"$(PROJECT_DIR)/lib",
				);
				PRODUCT_NAME = ios;
				USER_HEADER_SEARCH_PATHS = ../../include;
			};
			name = Debug;
		};
		1D6058950D05DD3E006BFB54 /* Release */ = {
			isa = XCBuildConfiguration;
			buildSettings = {
				ALWAYS_SEARCH_USER_PATHS = NO;
				COPY_PHASE_STRIP = YES;
				GCC_PRECOMPILE_PREFIX_HEADER = YES;
				GCC_PREFIX_HEADER = "";
				INFOPLIST_FILE = Info.plist;
				LIBRARY_SEARCH_PATHS = (
					"$(inherited)",
					"\"$(SRCROOT)/SDL/lib\"",
					"$(PROJECT_DIR)/lib",
				);
				PRODUCT_NAME = ios;
				USER_HEADER_SEARCH_PATHS = ../../include;
			};
			name = Release;
		};
		C01FCF4F08A954540054247B /* Debug */ = {
			isa = XCBuildConfiguration;
			buildSettings = {
				ARCHS = "$(ARCHS_STANDARD_32_BIT)";
				"CODE_SIGN_IDENTITY[sdk=iphoneos*]" = "iPhone Developer";
				GCC_C_LANGUAGE_STANDARD = c99;
				GCC_WARN_ABOUT_RETURN_TYPE = YES;
				GCC_WARN_UNUSED_VARIABLE = YES;
				ONLY_ACTIVE_ARCH = YES;
				OTHER_CFLAGS = "";
				PREBINDING = NO;
				SDKROOT = iphoneos;
			};
			name = Debug;
		};
		C01FCF5008A954540054247B /* Release */ = {
			isa = XCBuildConfiguration;
			buildSettings = {
				ARCHS = "$(ARCHS_STANDARD_32_BIT)";
				"CODE_SIGN_IDENTITY[sdk=iphoneos*]" = "iPhone Developer";
				GCC_C_LANGUAGE_STANDARD = c99;
				GCC_WARN_ABOUT_RETURN_TYPE = YES;
				GCC_WARN_UNUSED_VARIABLE = YES;
				OTHER_CFLAGS = "";
				PREBINDING = NO;
				SDKROOT = iphoneos;
			};
			name = Release;
		};
/* End XCBuildConfiguration section */

/* Begin XCConfigurationList section */
		1D6058960D05DD3E006BFB54 /* Build configuration list for PBXNativeTarget "ios" */ = {
			isa = XCConfigurationList;
			buildConfigurations = (
				1D6058940D05DD3E006BFB54 /* Debug */,
				1D6058950D05DD3E006BFB54 /* Release */,
			);
			defaultConfigurationIsVisible = 0;
			defaultConfigurationName = Release;
		};
		C01FCF4E08A954540054247B /* Build configuration list for PBXProject "ios" */ = {
			isa = XCConfigurationList;
			buildConfigurations = (
				C01FCF4F08A954540054247B /* Debug */,
				C01FCF5008A954540054247B /* Release */,
			);
			defaultConfigurationIsVisible = 0;
			defaultConfigurationName = Release;
		};
/* End XCConfigurationList section */
	};
	rootObject = 29B97313FDCFA39411CA2CEA /* Project object */;
}
