// !$*UTF8*$!
{
	archiveVersion = 1;
	classes = {
	};
	objectVersion = 45;
	objects = {

/* Begin PBXBuildFile section */
		1D60589F0D05DD5A006BFB54 /* Foundation.framework in Frameworks */ = {isa = PBXBuildFile; fileRef = 1D30AB110D05D00D00671497 /* Foundation.framework */; };
		1DF5F4E00D08C38300B7A737 /* UIKit.framework in Frameworks */ = {isa = PBXBuildFile; fileRef = 1DF5F4DF0D08C38300B7A737 /* UIKit.framework */; };
		28FD15000DC6FC520079059D /* OpenGLES.framework in Frameworks */ = {isa = PBXBuildFile; fileRef = 28FD14FF0DC6FC520079059D /* OpenGLES.framework */; };
		28FD15080DC6FC5B0079059D /* QuartzCore.framework in Frameworks */ = {isa = PBXBuildFile; fileRef = 28FD15070DC6FC5B0079059D /* QuartzCore.framework */; };
		318856991937FC0700D21937 /* ImageIO.framework in Frameworks */ = {isa = PBXBuildFile; fileRef = 318856981937FC0700D21937 /* ImageIO.framework */; };
		3188569B1937FC1400D21937 /* MobileCoreServices.framework in Frameworks */ = {isa = PBXBuildFile; fileRef = 3188569A1937FC1400D21937 /* MobileCoreServices.framework */; };
		318856A51937FC8200D21937 /* libSDL2_image.a in Frameworks */ = {isa = PBXBuildFile; fileRef = 318856A21937FC8200D21937 /* libSDL2_image.a */; };
		318856A61937FC8200D21937 /* libSDL2_ttf.a in Frameworks */ = {isa = PBXBuildFile; fileRef = 318856A31937FC8200D21937 /* libSDL2_ttf.a */; };
		318856A71937FC8200D21937 /* libSDL2.a in Frameworks */ = {isa = PBXBuildFile; fileRef = 318856A41937FC8200D21937 /* libSDL2.a */; };
		31885785193804AC00D21937 /* lapi.c in Sources */ = {isa = PBXBuildFile; fileRef = 3188574D193804AC00D21937 /* lapi.c */; };
		31885786193804AC00D21937 /* lauxlib.c in Sources */ = {isa = PBXBuildFile; fileRef = 3188574F193804AC00D21937 /* lauxlib.c */; };
		31885787193804AC00D21937 /* lbaselib.c in Sources */ = {isa = PBXBuildFile; fileRef = 31885751193804AC00D21937 /* lbaselib.c */; };
		31885788193804AC00D21937 /* lbitlib.c in Sources */ = {isa = PBXBuildFile; fileRef = 31885752193804AC00D21937 /* lbitlib.c */; };
		31885789193804AC00D21937 /* lcode.c in Sources */ = {isa = PBXBuildFile; fileRef = 31885753193804AC00D21937 /* lcode.c */; };
		3188578A193804AC00D21937 /* lcorolib.c in Sources */ = {isa = PBXBuildFile; fileRef = 31885755193804AC00D21937 /* lcorolib.c */; };
		3188578B193804AC00D21937 /* lctype.c in Sources */ = {isa = PBXBuildFile; fileRef = 31885756193804AC00D21937 /* lctype.c */; };
		3188578C193804AC00D21937 /* ldblib.c in Sources */ = {isa = PBXBuildFile; fileRef = 31885758193804AC00D21937 /* ldblib.c */; };
		3188578D193804AC00D21937 /* ldebug.c in Sources */ = {isa = PBXBuildFile; fileRef = 31885759193804AC00D21937 /* ldebug.c */; };
		3188578E193804AC00D21937 /* ldo.c in Sources */ = {isa = PBXBuildFile; fileRef = 3188575B193804AC00D21937 /* ldo.c */; };
		3188578F193804AC00D21937 /* ldump.c in Sources */ = {isa = PBXBuildFile; fileRef = 3188575D193804AC00D21937 /* ldump.c */; };
		31885790193804AC00D21937 /* lfunc.c in Sources */ = {isa = PBXBuildFile; fileRef = 3188575E193804AC00D21937 /* lfunc.c */; };
		31885791193804AC00D21937 /* lgc.c in Sources */ = {isa = PBXBuildFile; fileRef = 31885760193804AC00D21937 /* lgc.c */; };
		31885792193804AC00D21937 /* linit.c in Sources */ = {isa = PBXBuildFile; fileRef = 31885762193804AC00D21937 /* linit.c */; };
		31885793193804AC00D21937 /* liolib.c in Sources */ = {isa = PBXBuildFile; fileRef = 31885763193804AC00D21937 /* liolib.c */; };
		31885794193804AC00D21937 /* llex.c in Sources */ = {isa = PBXBuildFile; fileRef = 31885764193804AC00D21937 /* llex.c */; };
		31885795193804AC00D21937 /* lmathlib.c in Sources */ = {isa = PBXBuildFile; fileRef = 31885767193804AC00D21937 /* lmathlib.c */; };
		31885796193804AC00D21937 /* lmem.c in Sources */ = {isa = PBXBuildFile; fileRef = 31885768193804AC00D21937 /* lmem.c */; };
		31885797193804AC00D21937 /* loadlib.c in Sources */ = {isa = PBXBuildFile; fileRef = 3188576A193804AC00D21937 /* loadlib.c */; };
		31885798193804AC00D21937 /* lobject.c in Sources */ = {isa = PBXBuildFile; fileRef = 3188576B193804AC00D21937 /* lobject.c */; };
		31885799193804AC00D21937 /* lopcodes.c in Sources */ = {isa = PBXBuildFile; fileRef = 3188576D193804AC00D21937 /* lopcodes.c */; };
		3188579A193804AC00D21937 /* loslib.c in Sources */ = {isa = PBXBuildFile; fileRef = 3188576F193804AC00D21937 /* loslib.c */; };
		3188579B193804AC00D21937 /* lparser.c in Sources */ = {isa = PBXBuildFile; fileRef = 31885770193804AC00D21937 /* lparser.c */; };
		3188579C193804AC00D21937 /* lstate.c in Sources */ = {isa = PBXBuildFile; fileRef = 31885772193804AC00D21937 /* lstate.c */; };
		3188579D193804AC00D21937 /* lstring.c in Sources */ = {isa = PBXBuildFile; fileRef = 31885774193804AC00D21937 /* lstring.c */; };
		3188579E193804AC00D21937 /* lstrlib.c in Sources */ = {isa = PBXBuildFile; fileRef = 31885776193804AC00D21937 /* lstrlib.c */; };
		3188579F193804AC00D21937 /* ltable.c in Sources */ = {isa = PBXBuildFile; fileRef = 31885777193804AC00D21937 /* ltable.c */; };
		318857A0193804AC00D21937 /* ltablib.c in Sources */ = {isa = PBXBuildFile; fileRef = 31885779193804AC00D21937 /* ltablib.c */; };
		318857A1193804AC00D21937 /* ltm.c in Sources */ = {isa = PBXBuildFile; fileRef = 3188577A193804AC00D21937 /* ltm.c */; };
		318857A2193804AC00D21937 /* lundump.c in Sources */ = {isa = PBXBuildFile; fileRef = 3188577F193804AC00D21937 /* lundump.c */; };
		318857A3193804AC00D21937 /* lvm.c in Sources */ = {isa = PBXBuildFile; fileRef = 31885781193804AC00D21937 /* lvm.c */; };
		318857A4193804AC00D21937 /* lzio.c in Sources */ = {isa = PBXBuildFile; fileRef = 31885783193804AC00D21937 /* lzio.c */; };
		318857AD1938050700D21937 /* audio.c in Sources */ = {isa = PBXBuildFile; fileRef = 318857A51938050700D21937 /* audio.c */; };
		318857AE1938050700D21937 /* events.c in Sources */ = {isa = PBXBuildFile; fileRef = 318857A61938050700D21937 /* events.c */; };
		318857AF1938050700D21937 /* font.c in Sources */ = {isa = PBXBuildFile; fileRef = 318857A71938050700D21937 /* font.c */; };
		318857B01938050700D21937 /* global.c in Sources */ = {isa = PBXBuildFile; fileRef = 318857A81938050700D21937 /* global.c */; };
		318857B11938050700D21937 /* main.c in Sources */ = {isa = PBXBuildFile; fileRef = 318857AA1938050700D21937 /* main.c */; };
		318857B21938050700D21937 /* texture.c in Sources */ = {isa = PBXBuildFile; fileRef = 318857AB1938050700D21937 /* texture.c */; };
		318857B31938050700D21937 /* util.c in Sources */ = {isa = PBXBuildFile; fileRef = 318857AC1938050700D21937 /* util.c */; };
		318857B91938054700D21937 /* config.lua in Resources */ = {isa = PBXBuildFile; fileRef = 318857B41938054700D21937 /* config.lua */; };
		318857BA1938054700D21937 /* fonts in Resources */ = {isa = PBXBuildFile; fileRef = 318857B51938054700D21937 /* fonts */; };
		318857BB1938054700D21937 /* init.lua in Resources */ = {isa = PBXBuildFile; fileRef = 318857B61938054700D21937 /* init.lua */; };
		318857BC1938054700D21937 /* textures in Resources */ = {isa = PBXBuildFile; fileRef = 318857B71938054700D21937 /* textures */; };
		318857BD1938054700D21937 /* waves in Resources */ = {isa = PBXBuildFile; fileRef = 318857B81938054700D21937 /* waves */; };
		FD779EDE0E26BA1200F39101 /* CoreAudio.framework in Frameworks */ = {isa = PBXBuildFile; fileRef = FD779EDD0E26BA1200F39101 /* CoreAudio.framework */; };
		FD77A07D0E26BD8C00F39101 /* Icon.png in Resources */ = {isa = PBXBuildFile; fileRef = FD77A07C0E26BD8C00F39101 /* Icon.png */; };
		FD77A07F0E26BDA900F39101 /* Default.png in Resources */ = {isa = PBXBuildFile; fileRef = FD77A07E0E26BDA900F39101 /* Default.png */; };
		FD77A0850E26BDB800F39101 /* AudioToolbox.framework in Frameworks */ = {isa = PBXBuildFile; fileRef = FD77A0840E26BDB800F39101 /* AudioToolbox.framework */; };
		FDB8BFC60E5A0F6A00980157 /* CoreGraphics.framework in Frameworks */ = {isa = PBXBuildFile; fileRef = FDB8BFC50E5A0F6A00980157 /* CoreGraphics.framework */; };
/* End PBXBuildFile section */

/* Begin PBXFileReference section */
		1D30AB110D05D00D00671497 /* Foundation.framework */ = {isa = PBXFileReference; lastKnownFileType = wrapper.framework; name = Foundation.framework; path = System/Library/Frameworks/Foundation.framework; sourceTree = SDKROOT; };
		1D6058910D05DD3D006BFB54 /* iphone35.app */ = {isa = PBXFileReference; explicitFileType = wrapper.application; includeInIndex = 0; path = iphone35.app; sourceTree = BUILT_PRODUCTS_DIR; };
		1DF5F4DF0D08C38300B7A737 /* UIKit.framework */ = {isa = PBXFileReference; lastKnownFileType = wrapper.framework; name = UIKit.framework; path = System/Library/Frameworks/UIKit.framework; sourceTree = SDKROOT; };
		28FD14FF0DC6FC520079059D /* OpenGLES.framework */ = {isa = PBXFileReference; lastKnownFileType = wrapper.framework; name = OpenGLES.framework; path = System/Library/Frameworks/OpenGLES.framework; sourceTree = SDKROOT; };
		28FD15070DC6FC5B0079059D /* QuartzCore.framework */ = {isa = PBXFileReference; lastKnownFileType = wrapper.framework; name = QuartzCore.framework; path = System/Library/Frameworks/QuartzCore.framework; sourceTree = SDKROOT; };
		318856981937FC0700D21937 /* ImageIO.framework */ = {isa = PBXFileReference; lastKnownFileType = wrapper.framework; name = ImageIO.framework; path = System/Library/Frameworks/ImageIO.framework; sourceTree = SDKROOT; };
		3188569A1937FC1400D21937 /* MobileCoreServices.framework */ = {isa = PBXFileReference; lastKnownFileType = wrapper.framework; name = MobileCoreServices.framework; path = System/Library/Frameworks/MobileCoreServices.framework; sourceTree = SDKROOT; };
		318856A21937FC8200D21937 /* libSDL2_image.a */ = {isa = PBXFileReference; lastKnownFileType = archive.ar; name = libSDL2_image.a; path = lib/libSDL2_image.a; sourceTree = SOURCE_ROOT; };
		318856A31937FC8200D21937 /* libSDL2_ttf.a */ = {isa = PBXFileReference; lastKnownFileType = archive.ar; name = libSDL2_ttf.a; path = lib/libSDL2_ttf.a; sourceTree = SOURCE_ROOT; };
		318856A41937FC8200D21937 /* libSDL2.a */ = {isa = PBXFileReference; lastKnownFileType = archive.ar; name = libSDL2.a; path = lib/libSDL2.a; sourceTree = SOURCE_ROOT; };
		3188574D193804AC00D21937 /* lapi.c */ = {isa = PBXFileReference; fileEncoding = 4; lastKnownFileType = sourcecode.c.c; name = lapi.c; path = ../../lua/lapi.c; sourceTree = "<group>"; };
		3188574E193804AC00D21937 /* lapi.h */ = {isa = PBXFileReference; fileEncoding = 4; lastKnownFileType = sourcecode.c.h; name = lapi.h; path = ../../lua/lapi.h; sourceTree = "<group>"; };
		3188574F193804AC00D21937 /* lauxlib.c */ = {isa = PBXFileReference; fileEncoding = 4; lastKnownFileType = sourcecode.c.c; name = lauxlib.c; path = ../../lua/lauxlib.c; sourceTree = "<group>"; };
		31885750193804AC00D21937 /* lauxlib.h */ = {isa = PBXFileReference; fileEncoding = 4; lastKnownFileType = sourcecode.c.h; name = lauxlib.h; path = ../../lua/lauxlib.h; sourceTree = "<group>"; };
		31885751193804AC00D21937 /* lbaselib.c */ = {isa = PBXFileReference; fileEncoding = 4; lastKnownFileType = sourcecode.c.c; name = lbaselib.c; path = ../../lua/lbaselib.c; sourceTree = "<group>"; };
		31885752193804AC00D21937 /* lbitlib.c */ = {isa = PBXFileReference; fileEncoding = 4; lastKnownFileType = sourcecode.c.c; name = lbitlib.c; path = ../../lua/lbitlib.c; sourceTree = "<group>"; };
		31885753193804AC00D21937 /* lcode.c */ = {isa = PBXFileReference; fileEncoding = 4; lastKnownFileType = sourcecode.c.c; name = lcode.c; path = ../../lua/lcode.c; sourceTree = "<group>"; };
		31885754193804AC00D21937 /* lcode.h */ = {isa = PBXFileReference; fileEncoding = 4; lastKnownFileType = sourcecode.c.h; name = lcode.h; path = ../../lua/lcode.h; sourceTree = "<group>"; };
		31885755193804AC00D21937 /* lcorolib.c */ = {isa = PBXFileReference; fileEncoding = 4; lastKnownFileType = sourcecode.c.c; name = lcorolib.c; path = ../../lua/lcorolib.c; sourceTree = "<group>"; };
		31885756193804AC00D21937 /* lctype.c */ = {isa = PBXFileReference; fileEncoding = 4; lastKnownFileType = sourcecode.c.c; name = lctype.c; path = ../../lua/lctype.c; sourceTree = "<group>"; };
		31885757193804AC00D21937 /* lctype.h */ = {isa = PBXFileReference; fileEncoding = 4; lastKnownFileType = sourcecode.c.h; name = lctype.h; path = ../../lua/lctype.h; sourceTree = "<group>"; };
		31885758193804AC00D21937 /* ldblib.c */ = {isa = PBXFileReference; fileEncoding = 4; lastKnownFileType = sourcecode.c.c; name = ldblib.c; path = ../../lua/ldblib.c; sourceTree = "<group>"; };
		31885759193804AC00D21937 /* ldebug.c */ = {isa = PBXFileReference; fileEncoding = 4; lastKnownFileType = sourcecode.c.c; name = ldebug.c; path = ../../lua/ldebug.c; sourceTree = "<group>"; };
		3188575A193804AC00D21937 /* ldebug.h */ = {isa = PBXFileReference; fileEncoding = 4; lastKnownFileType = sourcecode.c.h; name = ldebug.h; path = ../../lua/ldebug.h; sourceTree = "<group>"; };
		3188575B193804AC00D21937 /* ldo.c */ = {isa = PBXFileReference; fileEncoding = 4; lastKnownFileType = sourcecode.c.c; name = ldo.c; path = ../../lua/ldo.c; sourceTree = "<group>"; };
		3188575C193804AC00D21937 /* ldo.h */ = {isa = PBXFileReference; fileEncoding = 4; lastKnownFileType = sourcecode.c.h; name = ldo.h; path = ../../lua/ldo.h; sourceTree = "<group>"; };
		3188575D193804AC00D21937 /* ldump.c */ = {isa = PBXFileReference; fileEncoding = 4; lastKnownFileType = sourcecode.c.c; name = ldump.c; path = ../../lua/ldump.c; sourceTree = "<group>"; };
		3188575E193804AC00D21937 /* lfunc.c */ = {isa = PBXFileReference; fileEncoding = 4; lastKnownFileType = sourcecode.c.c; name = lfunc.c; path = ../../lua/lfunc.c; sourceTree = "<group>"; };
		3188575F193804AC00D21937 /* lfunc.h */ = {isa = PBXFileReference; fileEncoding = 4; lastKnownFileType = sourcecode.c.h; name = lfunc.h; path = ../../lua/lfunc.h; sourceTree = "<group>"; };
		31885760193804AC00D21937 /* lgc.c */ = {isa = PBXFileReference; fileEncoding = 4; lastKnownFileType = sourcecode.c.c; name = lgc.c; path = ../../lua/lgc.c; sourceTree = "<group>"; };
		31885761193804AC00D21937 /* lgc.h */ = {isa = PBXFileReference; fileEncoding = 4; lastKnownFileType = sourcecode.c.h; name = lgc.h; path = ../../lua/lgc.h; sourceTree = "<group>"; };
		31885762193804AC00D21937 /* linit.c */ = {isa = PBXFileReference; fileEncoding = 4; lastKnownFileType = sourcecode.c.c; name = linit.c; path = ../../lua/linit.c; sourceTree = "<group>"; };
		31885763193804AC00D21937 /* liolib.c */ = {isa = PBXFileReference; fileEncoding = 4; lastKnownFileType = sourcecode.c.c; name = liolib.c; path = ../../lua/liolib.c; sourceTree = "<group>"; };
		31885764193804AC00D21937 /* llex.c */ = {isa = PBXFileReference; fileEncoding = 4; lastKnownFileType = sourcecode.c.c; name = llex.c; path = ../../lua/llex.c; sourceTree = "<group>"; };
		31885765193804AC00D21937 /* llex.h */ = {isa = PBXFileReference; fileEncoding = 4; lastKnownFileType = sourcecode.c.h; name = llex.h; path = ../../lua/llex.h; sourceTree = "<group>"; };
		31885766193804AC00D21937 /* llimits.h */ = {isa = PBXFileReference; fileEncoding = 4; lastKnownFileType = sourcecode.c.h; name = llimits.h; path = ../../lua/llimits.h; sourceTree = "<group>"; };
		31885767193804AC00D21937 /* lmathlib.c */ = {isa = PBXFileReference; fileEncoding = 4; lastKnownFileType = sourcecode.c.c; name = lmathlib.c; path = ../../lua/lmathlib.c; sourceTree = "<group>"; };
		31885768193804AC00D21937 /* lmem.c */ = {isa = PBXFileReference; fileEncoding = 4; lastKnownFileType = sourcecode.c.c; name = lmem.c; path = ../../lua/lmem.c; sourceTree = "<group>"; };
		31885769193804AC00D21937 /* lmem.h */ = {isa = PBXFileReference; fileEncoding = 4; lastKnownFileType = sourcecode.c.h; name = lmem.h; path = ../../lua/lmem.h; sourceTree = "<group>"; };
		3188576A193804AC00D21937 /* loadlib.c */ = {isa = PBXFileReference; fileEncoding = 4; lastKnownFileType = sourcecode.c.c; name = loadlib.c; path = ../../lua/loadlib.c; sourceTree = "<group>"; };
		3188576B193804AC00D21937 /* lobject.c */ = {isa = PBXFileReference; fileEncoding = 4; lastKnownFileType = sourcecode.c.c; name = lobject.c; path = ../../lua/lobject.c; sourceTree = "<group>"; };
		3188576C193804AC00D21937 /* lobject.h */ = {isa = PBXFileReference; fileEncoding = 4; lastKnownFileType = sourcecode.c.h; name = lobject.h; path = ../../lua/lobject.h; sourceTree = "<group>"; };
		3188576D193804AC00D21937 /* lopcodes.c */ = {isa = PBXFileReference; fileEncoding = 4; lastKnownFileType = sourcecode.c.c; name = lopcodes.c; path = ../../lua/lopcodes.c; sourceTree = "<group>"; };
		3188576E193804AC00D21937 /* lopcodes.h */ = {isa = PBXFileReference; fileEncoding = 4; lastKnownFileType = sourcecode.c.h; name = lopcodes.h; path = ../../lua/lopcodes.h; sourceTree = "<group>"; };
		3188576F193804AC00D21937 /* loslib.c */ = {isa = PBXFileReference; fileEncoding = 4; lastKnownFileType = sourcecode.c.c; name = loslib.c; path = ../../lua/loslib.c; sourceTree = "<group>"; };
		31885770193804AC00D21937 /* lparser.c */ = {isa = PBXFileReference; fileEncoding = 4; lastKnownFileType = sourcecode.c.c; name = lparser.c; path = ../../lua/lparser.c; sourceTree = "<group>"; };
		31885771193804AC00D21937 /* lparser.h */ = {isa = PBXFileReference; fileEncoding = 4; lastKnownFileType = sourcecode.c.h; name = lparser.h; path = ../../lua/lparser.h; sourceTree = "<group>"; };
		31885772193804AC00D21937 /* lstate.c */ = {isa = PBXFileReference; fileEncoding = 4; lastKnownFileType = sourcecode.c.c; name = lstate.c; path = ../../lua/lstate.c; sourceTree = "<group>"; };
		31885773193804AC00D21937 /* lstate.h */ = {isa = PBXFileReference; fileEncoding = 4; lastKnownFileType = sourcecode.c.h; name = lstate.h; path = ../../lua/lstate.h; sourceTree = "<group>"; };
		31885774193804AC00D21937 /* lstring.c */ = {isa = PBXFileReference; fileEncoding = 4; lastKnownFileType = sourcecode.c.c; name = lstring.c; path = ../../lua/lstring.c; sourceTree = "<group>"; };
		31885775193804AC00D21937 /* lstring.h */ = {isa = PBXFileReference; fileEncoding = 4; lastKnownFileType = sourcecode.c.h; name = lstring.h; path = ../../lua/lstring.h; sourceTree = "<group>"; };
		31885776193804AC00D21937 /* lstrlib.c */ = {isa = PBXFileReference; fileEncoding = 4; lastKnownFileType = sourcecode.c.c; name = lstrlib.c; path = ../../lua/lstrlib.c; sourceTree = "<group>"; };
		31885777193804AC00D21937 /* ltable.c */ = {isa = PBXFileReference; fileEncoding = 4; lastKnownFileType = sourcecode.c.c; name = ltable.c; path = ../../lua/ltable.c; sourceTree = "<group>"; };
		31885778193804AC00D21937 /* ltable.h */ = {isa = PBXFileReference; fileEncoding = 4; lastKnownFileType = sourcecode.c.h; name = ltable.h; path = ../../lua/ltable.h; sourceTree = "<group>"; };
		31885779193804AC00D21937 /* ltablib.c */ = {isa = PBXFileReference; fileEncoding = 4; lastKnownFileType = sourcecode.c.c; name = ltablib.c; path = ../../lua/ltablib.c; sourceTree = "<group>"; };
		3188577A193804AC00D21937 /* ltm.c */ = {isa = PBXFileReference; fileEncoding = 4; lastKnownFileType = sourcecode.c.c; name = ltm.c; path = ../../lua/ltm.c; sourceTree = "<group>"; };
		3188577B193804AC00D21937 /* ltm.h */ = {isa = PBXFileReference; fileEncoding = 4; lastKnownFileType = sourcecode.c.h; name = ltm.h; path = ../../lua/ltm.h; sourceTree = "<group>"; };
		3188577C193804AC00D21937 /* lua.h */ = {isa = PBXFileReference; fileEncoding = 4; lastKnownFileType = sourcecode.c.h; name = lua.h; path = ../../lua/lua.h; sourceTree = "<group>"; };
		3188577D193804AC00D21937 /* luaconf.h */ = {isa = PBXFileReference; fileEncoding = 4; lastKnownFileType = sourcecode.c.h; name = luaconf.h; path = ../../lua/luaconf.h; sourceTree = "<group>"; };
		3188577E193804AC00D21937 /* lualib.h */ = {isa = PBXFileReference; fileEncoding = 4; lastKnownFileType = sourcecode.c.h; name = lualib.h; path = ../../lua/lualib.h; sourceTree = "<group>"; };
		3188577F193804AC00D21937 /* lundump.c */ = {isa = PBXFileReference; fileEncoding = 4; lastKnownFileType = sourcecode.c.c; name = lundump.c; path = ../../lua/lundump.c; sourceTree = "<group>"; };
		31885780193804AC00D21937 /* lundump.h */ = {isa = PBXFileReference; fileEncoding = 4; lastKnownFileType = sourcecode.c.h; name = lundump.h; path = ../../lua/lundump.h; sourceTree = "<group>"; };
		31885781193804AC00D21937 /* lvm.c */ = {isa = PBXFileReference; fileEncoding = 4; lastKnownFileType = sourcecode.c.c; name = lvm.c; path = ../../lua/lvm.c; sourceTree = "<group>"; };
		31885782193804AC00D21937 /* lvm.h */ = {isa = PBXFileReference; fileEncoding = 4; lastKnownFileType = sourcecode.c.h; name = lvm.h; path = ../../lua/lvm.h; sourceTree = "<group>"; };
		31885783193804AC00D21937 /* lzio.c */ = {isa = PBXFileReference; fileEncoding = 4; lastKnownFileType = sourcecode.c.c; name = lzio.c; path = ../../lua/lzio.c; sourceTree = "<group>"; };
		31885784193804AC00D21937 /* lzio.h */ = {isa = PBXFileReference; fileEncoding = 4; lastKnownFileType = sourcecode.c.h; name = lzio.h; path = ../../lua/lzio.h; sourceTree = "<group>"; };
		318857A51938050700D21937 /* audio.c */ = {isa = PBXFileReference; fileEncoding = 4; lastKnownFileType = sourcecode.c.c; name = audio.c; path = ../../src/audio.c; sourceTree = "<group>"; };
		318857A61938050700D21937 /* events.c */ = {isa = PBXFileReference; fileEncoding = 4; lastKnownFileType = sourcecode.c.c; name = events.c; path = ../../src/events.c; sourceTree = "<group>"; };
		318857A71938050700D21937 /* font.c */ = {isa = PBXFileReference; fileEncoding = 4; lastKnownFileType = sourcecode.c.c; name = font.c; path = ../../src/font.c; sourceTree = "<group>"; };
		318857A81938050700D21937 /* global.c */ = {isa = PBXFileReference; fileEncoding = 4; lastKnownFileType = sourcecode.c.c; name = global.c; path = ../../src/global.c; sourceTree = "<group>"; };
		318857A91938050700D21937 /* global.h */ = {isa = PBXFileReference; fileEncoding = 4; lastKnownFileType = sourcecode.c.h; name = global.h; path = ../../src/global.h; sourceTree = "<group>"; };
		318857AA1938050700D21937 /* main.c */ = {isa = PBXFileReference; fileEncoding = 4; lastKnownFileType = sourcecode.c.c; name = main.c; path = ../../src/main.c; sourceTree = "<group>"; };
		318857AB1938050700D21937 /* texture.c */ = {isa = PBXFileReference; fileEncoding = 4; lastKnownFileType = sourcecode.c.c; name = texture.c; path = ../../src/texture.c; sourceTree = "<group>"; };
		318857AC1938050700D21937 /* util.c */ = {isa = PBXFileReference; fileEncoding = 4; lastKnownFileType = sourcecode.c.c; name = util.c; path = ../../src/util.c; sourceTree = "<group>"; };
		318857B41938054700D21937 /* config.lua */ = {isa = PBXFileReference; fileEncoding = 4; lastKnownFileType = text; name = config.lua; path = ../../working/config.lua; sourceTree = "<group>"; };
		318857B51938054700D21937 /* fonts */ = {isa = PBXFileReference; lastKnownFileType = folder; name = fonts; path = ../../working/fonts; sourceTree = "<group>"; };
		318857B61938054700D21937 /* init.lua */ = {isa = PBXFileReference; fileEncoding = 4; lastKnownFileType = text; name = init.lua; path = ../../working/init.lua; sourceTree = "<group>"; };
		318857B71938054700D21937 /* textures */ = {isa = PBXFileReference; lastKnownFileType = folder; name = textures; path = ../../working/textures; sourceTree = "<group>"; };
		318857B81938054700D21937 /* waves */ = {isa = PBXFileReference; lastKnownFileType = folder; name = waves; path = ../../working/waves; sourceTree = "<group>"; };
		8D1107310486CEB800E47090 /* Info.plist */ = {isa = PBXFileReference; fileEncoding = 4; lastKnownFileType = text.plist.xml; path = Info.plist; sourceTree = "<group>"; };
		FD779EDD0E26BA1200F39101 /* CoreAudio.framework */ = {isa = PBXFileReference; lastKnownFileType = wrapper.framework; name = CoreAudio.framework; path = System/Library/Frameworks/CoreAudio.framework; sourceTree = SDKROOT; };
		FD77A07C0E26BD8C00F39101 /* Icon.png */ = {isa = PBXFileReference; lastKnownFileType = image.png; path = Icon.png; sourceTree = "<group>"; };
		FD77A07E0E26BDA900F39101 /* Default.png */ = {isa = PBXFileReference; lastKnownFileType = image.png; path = Default.png; sourceTree = "<group>"; };
		FD77A0840E26BDB800F39101 /* AudioToolbox.framework */ = {isa = PBXFileReference; lastKnownFileType = wrapper.framework; name = AudioToolbox.framework; path = System/Library/Frameworks/AudioToolbox.framework; sourceTree = SDKROOT; };
		FDB8BFC50E5A0F6A00980157 /* CoreGraphics.framework */ = {isa = PBXFileReference; lastKnownFileType = wrapper.framework; name = CoreGraphics.framework; path = System/Library/Frameworks/CoreGraphics.framework; sourceTree = SDKROOT; };
/* End PBXFileReference section */

/* Begin PBXFrameworksBuildPhase section */
		1D60588F0D05DD3D006BFB54 /* Frameworks */ = {
			isa = PBXFrameworksBuildPhase;
			buildActionMask = 2147483647;
			files = (
				3188569B1937FC1400D21937 /* MobileCoreServices.framework in Frameworks */,
				318856991937FC0700D21937 /* ImageIO.framework in Frameworks */,
				1D60589F0D05DD5A006BFB54 /* Foundation.framework in Frameworks */,
				1DF5F4E00D08C38300B7A737 /* UIKit.framework in Frameworks */,
				28FD15000DC6FC520079059D /* OpenGLES.framework in Frameworks */,
				28FD15080DC6FC5B0079059D /* QuartzCore.framework in Frameworks */,
				318856A51937FC8200D21937 /* libSDL2_image.a in Frameworks */,
				FD779EDE0E26BA1200F39101 /* CoreAudio.framework in Frameworks */,
				318856A71937FC8200D21937 /* libSDL2.a in Frameworks */,
				318856A61937FC8200D21937 /* libSDL2_ttf.a in Frameworks */,
				FD77A0850E26BDB800F39101 /* AudioToolbox.framework in Frameworks */,
				FDB8BFC60E5A0F6A00980157 /* CoreGraphics.framework in Frameworks */,
			);
			runOnlyForDeploymentPostprocessing = 0;
		};
/* End PBXFrameworksBuildPhase section */

/* Begin PBXGroup section */
		0097E29812F70C4D00724AC5 /* SDL */ = {
			isa = PBXGroup;
			children = (
				0097E29912F70C4D00724AC5 /* include */,
				0097E2D412F70C4D00724AC5 /* lib */,
			);
			path = SDL;
			sourceTree = "<group>";
		};
		0097E29912F70C4D00724AC5 /* include */ = {
			isa = PBXGroup;
			children = (
			);
			path = include;
			sourceTree = "<group>";
		};
		0097E2D412F70C4D00724AC5 /* lib */ = {
			isa = PBXGroup;
			children = (
				318856A21937FC8200D21937 /* libSDL2_image.a */,
				318856A31937FC8200D21937 /* libSDL2_ttf.a */,
				318856A41937FC8200D21937 /* libSDL2.a */,
			);
			path = lib;
			sourceTree = "<group>";
		};
		19C28FACFE9D520D11CA2CBB /* Products */ = {
			isa = PBXGroup;
			children = (
				1D6058910D05DD3D006BFB54 /* iphone35.app */,
			);
			name = Products;
			sourceTree = "<group>";
		};
		29B97314FDCFA39411CA2CEA /* CustomTemplate */ = {
			isa = PBXGroup;
			children = (
				3188574C1938048F00D21937 /* Lua */,
				29B97315FDCFA39411CA2CEA /* Sources */,
				29B97317FDCFA39411CA2CEA /* Resources */,
				0097E29812F70C4D00724AC5 /* SDL */,
				29B97323FDCFA39411CA2CEA /* Frameworks */,
				19C28FACFE9D520D11CA2CBB /* Products */,
			);
			name = CustomTemplate;
			sourceTree = "<group>";
		};
		29B97315FDCFA39411CA2CEA /* Sources */ = {
			isa = PBXGroup;
			children = (
				318857A51938050700D21937 /* audio.c */,
				318857A61938050700D21937 /* events.c */,
				318857A71938050700D21937 /* font.c */,
				318857A81938050700D21937 /* global.c */,
				318857A91938050700D21937 /* global.h */,
				318857AA1938050700D21937 /* main.c */,
				318857AB1938050700D21937 /* texture.c */,
				318857AC1938050700D21937 /* util.c */,
			);
			name = Sources;
			sourceTree = "<group>";
		};
		29B97317FDCFA39411CA2CEA /* Resources */ = {
			isa = PBXGroup;
			children = (
				318857B41938054700D21937 /* config.lua */,
				318857B51938054700D21937 /* fonts */,
				318857B61938054700D21937 /* init.lua */,
				318857B71938054700D21937 /* textures */,
				318857B81938054700D21937 /* waves */,
				FD77A07E0E26BDA900F39101 /* Default.png */,
				FD77A07C0E26BD8C00F39101 /* Icon.png */,
				8D1107310486CEB800E47090 /* Info.plist */,
			);
			name = Resources;
			sourceTree = "<group>";
		};
		29B97323FDCFA39411CA2CEA /* Frameworks */ = {
			isa = PBXGroup;
			children = (
				3188569A1937FC1400D21937 /* MobileCoreServices.framework */,
				318856981937FC0700D21937 /* ImageIO.framework */,
				FDB8BFC50E5A0F6A00980157 /* CoreGraphics.framework */,
				FD77A0840E26BDB800F39101 /* AudioToolbox.framework */,
				FD779EDD0E26BA1200F39101 /* CoreAudio.framework */,
				28FD15070DC6FC5B0079059D /* QuartzCore.framework */,
				28FD14FF0DC6FC520079059D /* OpenGLES.framework */,
				1DF5F4DF0D08C38300B7A737 /* UIKit.framework */,
				1D30AB110D05D00D00671497 /* Foundation.framework */,
			);
			name = Frameworks;
			sourceTree = "<group>";
		};
		3188574C1938048F00D21937 /* Lua */ = {
			isa = PBXGroup;
			children = (
				3188574D193804AC00D21937 /* lapi.c */,
				3188574E193804AC00D21937 /* lapi.h */,
				3188574F193804AC00D21937 /* lauxlib.c */,
				31885750193804AC00D21937 /* lauxlib.h */,
				31885751193804AC00D21937 /* lbaselib.c */,
				31885752193804AC00D21937 /* lbitlib.c */,
				31885753193804AC00D21937 /* lcode.c */,
				31885754193804AC00D21937 /* lcode.h */,
				31885755193804AC00D21937 /* lcorolib.c */,
				31885756193804AC00D21937 /* lctype.c */,
				31885757193804AC00D21937 /* lctype.h */,
				31885758193804AC00D21937 /* ldblib.c */,
				31885759193804AC00D21937 /* ldebug.c */,
				3188575A193804AC00D21937 /* ldebug.h */,
				3188575B193804AC00D21937 /* ldo.c */,
				3188575C193804AC00D21937 /* ldo.h */,
				3188575D193804AC00D21937 /* ldump.c */,
				3188575E193804AC00D21937 /* lfunc.c */,
				3188575F193804AC00D21937 /* lfunc.h */,
				31885760193804AC00D21937 /* lgc.c */,
				31885761193804AC00D21937 /* lgc.h */,
				31885762193804AC00D21937 /* linit.c */,
				31885763193804AC00D21937 /* liolib.c */,
				31885764193804AC00D21937 /* llex.c */,
				31885765193804AC00D21937 /* llex.h */,
				31885766193804AC00D21937 /* llimits.h */,
				31885767193804AC00D21937 /* lmathlib.c */,
				31885768193804AC00D21937 /* lmem.c */,
				31885769193804AC00D21937 /* lmem.h */,
				3188576A193804AC00D21937 /* loadlib.c */,
				3188576B193804AC00D21937 /* lobject.c */,
				3188576C193804AC00D21937 /* lobject.h */,
				3188576D193804AC00D21937 /* lopcodes.c */,
				3188576E193804AC00D21937 /* lopcodes.h */,
				3188576F193804AC00D21937 /* loslib.c */,
				31885770193804AC00D21937 /* lparser.c */,
				31885771193804AC00D21937 /* lparser.h */,
				31885772193804AC00D21937 /* lstate.c */,
				31885773193804AC00D21937 /* lstate.h */,
				31885774193804AC00D21937 /* lstring.c */,
				31885775193804AC00D21937 /* lstring.h */,
				31885776193804AC00D21937 /* lstrlib.c */,
				31885777193804AC00D21937 /* ltable.c */,
				31885778193804AC00D21937 /* ltable.h */,
				31885779193804AC00D21937 /* ltablib.c */,
				3188577A193804AC00D21937 /* ltm.c */,
				3188577B193804AC00D21937 /* ltm.h */,
				3188577C193804AC00D21937 /* lua.h */,
				3188577D193804AC00D21937 /* luaconf.h */,
				3188577E193804AC00D21937 /* lualib.h */,
				3188577F193804AC00D21937 /* lundump.c */,
				31885780193804AC00D21937 /* lundump.h */,
				31885781193804AC00D21937 /* lvm.c */,
				31885782193804AC00D21937 /* lvm.h */,
				31885783193804AC00D21937 /* lzio.c */,
				31885784193804AC00D21937 /* lzio.h */,
			);
			name = Lua;
			sourceTree = "<group>";
		};
/* End PBXGroup section */

/* Begin PBXNativeTarget section */
		1D6058900D05DD3D006BFB54 /* iphone35 */ = {
			isa = PBXNativeTarget;
			buildConfigurationList = 1D6058960D05DD3E006BFB54 /* Build configuration list for PBXNativeTarget "iphone35" */;
			buildPhases = (
				1D60588D0D05DD3D006BFB54 /* Resources */,
				1D60588E0D05DD3D006BFB54 /* Sources */,
				1D60588F0D05DD3D006BFB54 /* Frameworks */,
			);
			buildRules = (
			);
			dependencies = (
			);
			name = iphone35;
			productName = "___PROJECTNAME___";
			productReference = 1D6058910D05DD3D006BFB54 /* iphone35.app */;
			productType = "com.apple.product-type.application";
		};
/* End PBXNativeTarget section */

/* Begin PBXProject section */
		29B97313FDCFA39411CA2CEA /* Project object */ = {
			isa = PBXProject;
			attributes = {
			};
			buildConfigurationList = C01FCF4E08A954540054247B /* Build configuration list for PBXProject "iphone35" */;
			compatibilityVersion = "Xcode 3.1";
			developmentRegion = English;
			hasScannedForEncodings = 1;
			knownRegions = (
				English,
				Japanese,
				French,
				German,
			);
			mainGroup = 29B97314FDCFA39411CA2CEA /* CustomTemplate */;
			projectDirPath = "";
			projectRoot = "";
			targets = (
				1D6058900D05DD3D006BFB54 /* iphone35 */,
			);
		};
/* End PBXProject section */

/* Begin PBXResourcesBuildPhase section */
		1D60588D0D05DD3D006BFB54 /* Resources */ = {
			isa = PBXResourcesBuildPhase;
			buildActionMask = 2147483647;
			files = (
				FD77A07D0E26BD8C00F39101 /* Icon.png in Resources */,
				318857BA1938054700D21937 /* fonts in Resources */,
				318857BC1938054700D21937 /* textures in Resources */,
				FD77A07F0E26BDA900F39101 /* Default.png in Resources */,
				318857BD1938054700D21937 /* waves in Resources */,
				318857B91938054700D21937 /* config.lua in Resources */,
				318857BB1938054700D21937 /* init.lua in Resources */,
			);
			runOnlyForDeploymentPostprocessing = 0;
		};
/* End PBXResourcesBuildPhase section */

/* Begin PBXSourcesBuildPhase section */
		1D60588E0D05DD3D006BFB54 /* Sources */ = {
			isa = PBXSourcesBuildPhase;
			buildActionMask = 2147483647;
			files = (
				31885790193804AC00D21937 /* lfunc.c in Sources */,
				31885798193804AC00D21937 /* lobject.c in Sources */,
				3188578E193804AC00D21937 /* ldo.c in Sources */,
				318857B21938050700D21937 /* texture.c in Sources */,
				318857A2193804AC00D21937 /* lundump.c in Sources */,
				3188579A193804AC00D21937 /* loslib.c in Sources */,
				318857A3193804AC00D21937 /* lvm.c in Sources */,
				3188579C193804AC00D21937 /* lstate.c in Sources */,
				31885795193804AC00D21937 /* lmathlib.c in Sources */,
				318857A0193804AC00D21937 /* ltablib.c in Sources */,
				3188578C193804AC00D21937 /* ldblib.c in Sources */,
				3188579D193804AC00D21937 /* lstring.c in Sources */,
				318857A1193804AC00D21937 /* ltm.c in Sources */,
				31885792193804AC00D21937 /* linit.c in Sources */,
				3188579F193804AC00D21937 /* ltable.c in Sources */,
				318857AE1938050700D21937 /* events.c in Sources */,
				31885793193804AC00D21937 /* liolib.c in Sources */,
				318857AD1938050700D21937 /* audio.c in Sources */,
				3188578A193804AC00D21937 /* lcorolib.c in Sources */,
				318857A4193804AC00D21937 /* lzio.c in Sources */,
				3188578B193804AC00D21937 /* lctype.c in Sources */,
				3188579E193804AC00D21937 /* lstrlib.c in Sources */,
				31885791193804AC00D21937 /* lgc.c in Sources */,
				31885787193804AC00D21937 /* lbaselib.c in Sources */,
				3188578F193804AC00D21937 /* ldump.c in Sources */,
				31885794193804AC00D21937 /* llex.c in Sources */,
				318857B31938050700D21937 /* util.c in Sources */,
				31885785193804AC00D21937 /* lapi.c in Sources */,
				3188578D193804AC00D21937 /* ldebug.c in Sources */,
				31885799193804AC00D21937 /* lopcodes.c in Sources */,
				31885789193804AC00D21937 /* lcode.c in Sources */,
				3188579B193804AC00D21937 /* lparser.c in Sources */,
				318857B01938050700D21937 /* global.c in Sources */,
				318857AF1938050700D21937 /* font.c in Sources */,
				31885788193804AC00D21937 /* lbitlib.c in Sources */,
				31885797193804AC00D21937 /* loadlib.c in Sources */,
				31885786193804AC00D21937 /* lauxlib.c in Sources */,
				31885796193804AC00D21937 /* lmem.c in Sources */,
				318857B11938050700D21937 /* main.c in Sources */,
			);
			runOnlyForDeploymentPostprocessing = 0;
		};
/* End PBXSourcesBuildPhase section */

/* Begin XCBuildConfiguration section */
		1D6058940D05DD3E006BFB54 /* Debug */ = {
			isa = XCBuildConfiguration;
			buildSettings = {
				ALWAYS_SEARCH_USER_PATHS = NO;
				COPY_PHASE_STRIP = NO;
				GCC_DYNAMIC_NO_PIC = NO;
				GCC_OPTIMIZATION_LEVEL = 0;
				GCC_PRECOMPILE_PREFIX_HEADER = YES;
				GCC_PREFIX_HEADER = "";
				INFOPLIST_FILE = Info.plist;
				LIBRARY_SEARCH_PATHS = (
					"$(inherited)",
					"\"$(SRCROOT)/SDL/lib\"",
					/Users/turner/lua1/iphone3.5/lib,
					"$(PROJECT_DIR)/lib",
				);
				PRODUCT_NAME = iphone35;
				USER_HEADER_SEARCH_PATHS = ../../include;
			};
			name = Debug;
		};
		1D6058950D05DD3E006BFB54 /* Release */ = {
			isa = XCBuildConfiguration;
			buildSettings = {
				ALWAYS_SEARCH_USER_PATHS = NO;
				COPY_PHASE_STRIP = YES;
				GCC_PRECOMPILE_PREFIX_HEADER = YES;
				GCC_PREFIX_HEADER = "";
				INFOPLIST_FILE = Info.plist;
				LIBRARY_SEARCH_PATHS = (
					"$(inherited)",
					"\"$(SRCROOT)/SDL/lib\"",
					/Users/turner/lua1/iphone3.5/lib,
					"$(PROJECT_DIR)/lib",
				);
				PRODUCT_NAME = iphone35;
				USER_HEADER_SEARCH_PATHS = ../../include;
			};
			name = Release;
		};
		C01FCF4F08A954540054247B /* Debug */ = {
			isa = XCBuildConfiguration;
			buildSettings = {
				ARCHS = "$(ARCHS_STANDARD_32_BIT)";
				"CODE_SIGN_IDENTITY[sdk=iphoneos*]" = "iPhone Developer";
				GCC_C_LANGUAGE_STANDARD = c99;
				GCC_WARN_ABOUT_RETURN_TYPE = YES;
				GCC_WARN_UNUSED_VARIABLE = YES;
				ONLY_ACTIVE_ARCH = YES;
				OTHER_CFLAGS = "";
				PREBINDING = NO;
				SDKROOT = iphoneos;
			};
			name = Debug;
		};
		C01FCF5008A954540054247B /* Release */ = {
			isa = XCBuildConfiguration;
			buildSettings = {
				ARCHS = "$(ARCHS_STANDARD_32_BIT)";
				"CODE_SIGN_IDENTITY[sdk=iphoneos*]" = "iPhone Developer";
				GCC_C_LANGUAGE_STANDARD = c99;
				GCC_WARN_ABOUT_RETURN_TYPE = YES;
				GCC_WARN_UNUSED_VARIABLE = YES;
				OTHER_CFLAGS = "";
				PREBINDING = NO;
				SDKROOT = iphoneos;
			};
			name = Release;
		};
/* End XCBuildConfiguration section */

/* Begin XCConfigurationList section */
		1D6058960D05DD3E006BFB54 /* Build configuration list for PBXNativeTarget "iphone35" */ = {
			isa = XCConfigurationList;
			buildConfigurations = (
				1D6058940D05DD3E006BFB54 /* Debug */,
				1D6058950D05DD3E006BFB54 /* Release */,
			);
			defaultConfigurationIsVisible = 0;
			defaultConfigurationName = Release;
		};
		C01FCF4E08A954540054247B /* Build configuration list for PBXProject "iphone35" */ = {
			isa = XCConfigurationList;
			buildConfigurations = (
				C01FCF4F08A954540054247B /* Debug */,
				C01FCF5008A954540054247B /* Release */,
			);
			defaultConfigurationIsVisible = 0;
			defaultConfigurationName = Release;
		};
/* End XCConfigurationList section */
	};
	rootObject = 29B97313FDCFA39411CA2CEA /* Project object */;
}
